// !$*UTF8*$!
{
	archiveVersion = 1;
	classes = {
	};
	objectVersion = 56;
	objects = {

/* Begin PBXBuildFile section */
		9D01E9D32CAB7616006A2453 /* UnifiedResponse.swift in Sources */ = {isa = PBXBuildFile; fileRef = 9D01E9D22CAB7616006A2453 /* UnifiedResponse.swift */; };
		9D01E9D82CAC81CC006A2453 /* Functions.swift in Sources */ = {isa = PBXBuildFile; fileRef = 9D01E9D72CAC81CC006A2453 /* Functions.swift */; };
		9D01E9D92CAC81CC006A2453 /* Functions.swift in Sources */ = {isa = PBXBuildFile; fileRef = 9D01E9D72CAC81CC006A2453 /* Functions.swift */; };
		9D01E9DA2CAC81CC006A2453 /* Functions.swift in Sources */ = {isa = PBXBuildFile; fileRef = 9D01E9D72CAC81CC006A2453 /* Functions.swift */; };
		9D025F252CA3B4AB008A6685 /* HomeBodyTableViewCell.swift in Sources */ = {isa = PBXBuildFile; fileRef = 9D025F242CA3B4AB008A6685 /* HomeBodyTableViewCell.swift */; };
		9D025F272CA3D760008A6685 /* HomeBodyTableCollectionViewCell.swift in Sources */ = {isa = PBXBuildFile; fileRef = 9D025F262CA3D760008A6685 /* HomeBodyTableCollectionViewCell.swift */; };
		9D025F6B2CA50F8F008A6685 /* AlarmViewController.swift in Sources */ = {isa = PBXBuildFile; fileRef = 9D025F6A2CA50F8F008A6685 /* AlarmViewController.swift */; };
		9D025F6D2CA5168E008A6685 /* NetworkManager.swift in Sources */ = {isa = PBXBuildFile; fileRef = 9D025F6C2CA5168E008A6685 /* NetworkManager.swift */; };
		9D41AFE02CA6641E008F2C5D /* LocationCode.csv in Resources */ = {isa = PBXBuildFile; fileRef = 9D41AFDF2CA6641E008F2C5D /* LocationCode.csv */; };
		9D41AFE12CA6641E008F2C5D /* LocationCode.csv in Resources */ = {isa = PBXBuildFile; fileRef = 9D41AFDF2CA6641E008F2C5D /* LocationCode.csv */; };
		9D41AFE22CA6641E008F2C5D /* LocationCode.csv in Resources */ = {isa = PBXBuildFile; fileRef = 9D41AFDF2CA6641E008F2C5D /* LocationCode.csv */; };
		9D41AFEA2CA664B5008F2C5D /* LocationCode.swift in Sources */ = {isa = PBXBuildFile; fileRef = 9D41AFE92CA664B5008F2C5D /* LocationCode.swift */; };
		9D41AFEB2CA664B5008F2C5D /* LocationCode.swift in Sources */ = {isa = PBXBuildFile; fileRef = 9D41AFE92CA664B5008F2C5D /* LocationCode.swift */; };
		9D41AFEC2CA664B5008F2C5D /* LocationCode.swift in Sources */ = {isa = PBXBuildFile; fileRef = 9D41AFE92CA664B5008F2C5D /* LocationCode.swift */; };
		9D41AFF22CA6A7B7008F2C5D /* DetailViewController.swift in Sources */ = {isa = PBXBuildFile; fileRef = 9D41AFF12CA6A7B7008F2C5D /* DetailViewController.swift */; };
		9D41AFF62CA7668E008F2C5D /* DetailMainView.swift in Sources */ = {isa = PBXBuildFile; fileRef = 9D41AFF52CA7668E008F2C5D /* DetailMainView.swift */; };
		9D41AFF92CA768E7008F2C5D /* DetailHeaderView.swift in Sources */ = {isa = PBXBuildFile; fileRef = 9D41AFF82CA768E7008F2C5D /* DetailHeaderView.swift */; };
		9D41B0022CA8EB94008F2C5D /* DetailImageCollectionViewCell.swift in Sources */ = {isa = PBXBuildFile; fileRef = 9D41B0012CA8EB94008F2C5D /* DetailImageCollectionViewCell.swift */; };
		9D56B6E82CA5490E006A1893 /* AttractionResponse.swift in Sources */ = {isa = PBXBuildFile; fileRef = 9D56B6E72CA5490E006A1893 /* AttractionResponse.swift */; };
		9D56B6EF2CA56E70006A1893 /* Eums.swift in Sources */ = {isa = PBXBuildFile; fileRef = 9D56B6EE2CA56E70006A1893 /* Eums.swift */; };
		9D56B6F02CA56E70006A1893 /* Eums.swift in Sources */ = {isa = PBXBuildFile; fileRef = 9D56B6EE2CA56E70006A1893 /* Eums.swift */; };
		9D56B6F12CA56E70006A1893 /* Eums.swift in Sources */ = {isa = PBXBuildFile; fileRef = 9D56B6EE2CA56E70006A1893 /* Eums.swift */; };
		9D7148552CA2594A0082737F /* CategoryView.swift in Sources */ = {isa = PBXBuildFile; fileRef = 9D7148542CA2594A0082737F /* CategoryView.swift */; };
		9D78CE672CA2788500133FC4 /* CategoryCollectionViewCell.swift in Sources */ = {isa = PBXBuildFile; fileRef = 9D78CE662CA2788500133FC4 /* CategoryCollectionViewCell.swift */; };
		9D996E1C2CA59CC4009922FA /* SDWebImage in Frameworks */ = {isa = PBXBuildFile; productRef = 9D996E1B2CA59CC4009922FA /* SDWebImage */; };
		9D996E1E2CA59CC4009922FA /* SDWebImageMapKit in Frameworks */ = {isa = PBXBuildFile; productRef = 9D996E1D2CA59CC4009922FA /* SDWebImageMapKit */; };
		9D996E202CA5A2AB009922FA /* Extensions.swift in Sources */ = {isa = PBXBuildFile; fileRef = 9D996E1F2CA5A2AB009922FA /* Extensions.swift */; };
		9D996E212CA5A2AB009922FA /* Extensions.swift in Sources */ = {isa = PBXBuildFile; fileRef = 9D996E1F2CA5A2AB009922FA /* Extensions.swift */; };
		9D996E222CA5A2AB009922FA /* Extensions.swift in Sources */ = {isa = PBXBuildFile; fileRef = 9D996E1F2CA5A2AB009922FA /* Extensions.swift */; };
		9DAC3E552CA381590017AA6E /* HomeBodyView.swift in Sources */ = {isa = PBXBuildFile; fileRef = 9DAC3E542CA381590017AA6E /* HomeBodyView.swift */; };
		9DB323A22CA0C1A4008ECAE9 /* AppDelegate.swift in Sources */ = {isa = PBXBuildFile; fileRef = 9DB323A12CA0C1A4008ECAE9 /* AppDelegate.swift */; };
		9DB323A42CA0C1A4008ECAE9 /* SceneDelegate.swift in Sources */ = {isa = PBXBuildFile; fileRef = 9DB323A32CA0C1A4008ECAE9 /* SceneDelegate.swift */; };
		9DB323A62CA0C1A4008ECAE9 /* HomeViewController.swift in Sources */ = {isa = PBXBuildFile; fileRef = 9DB323A52CA0C1A4008ECAE9 /* HomeViewController.swift */; };
		9DB323AC2CA0C1A4008ECAE9 /* TipMemory.xcdatamodeld in Sources */ = {isa = PBXBuildFile; fileRef = 9DB323AA2CA0C1A4008ECAE9 /* TipMemory.xcdatamodeld */; };
		9DB323AE2CA0C1A6008ECAE9 /* Assets.xcassets in Resources */ = {isa = PBXBuildFile; fileRef = 9DB323AD2CA0C1A6008ECAE9 /* Assets.xcassets */; };
		9DB323B12CA0C1A6008ECAE9 /* Base in Resources */ = {isa = PBXBuildFile; fileRef = 9DB323B02CA0C1A6008ECAE9 /* Base */; };
		9DB323BC2CA0C1A6008ECAE9 /* TipMemoryTests.swift in Sources */ = {isa = PBXBuildFile; fileRef = 9DB323BB2CA0C1A6008ECAE9 /* TipMemoryTests.swift */; };
		9DB323C62CA0C1A6008ECAE9 /* TipMemoryUITests.swift in Sources */ = {isa = PBXBuildFile; fileRef = 9DB323C52CA0C1A6008ECAE9 /* TipMemoryUITests.swift */; };
		9DB323C82CA0C1A6008ECAE9 /* TipMemoryUITestsLaunchTests.swift in Sources */ = {isa = PBXBuildFile; fileRef = 9DB323C72CA0C1A6008ECAE9 /* TipMemoryUITestsLaunchTests.swift */; };
		9DB323D82CA0C7B8008ECAE9 /* SearchResultsViewController.swift in Sources */ = {isa = PBXBuildFile; fileRef = 9DB323D72CA0C7B8008ECAE9 /* SearchResultsViewController.swift */; };
		9DB323DA2CA1185C008ECAE9 /* SearchViewController.swift in Sources */ = {isa = PBXBuildFile; fileRef = 9DB323D92CA1185C008ECAE9 /* SearchViewController.swift */; };
		9DB323DC2CA11886008ECAE9 /* MainTabBarController.swift in Sources */ = {isa = PBXBuildFile; fileRef = 9DB323DB2CA11886008ECAE9 /* MainTabBarController.swift */; };
		9DB323DE2CA11AE8008ECAE9 /* ProfileViewController.swift in Sources */ = {isa = PBXBuildFile; fileRef = 9DB323DD2CA11AE8008ECAE9 /* ProfileViewController.swift */; };
		9DB323E02CA11DE6008ECAE9 /* LocationViewController.swift in Sources */ = {isa = PBXBuildFile; fileRef = 9DB323DF2CA11DE6008ECAE9 /* LocationViewController.swift */; };
		9DB323E52CA12572008ECAE9 /* HomeHeaderView.swift in Sources */ = {isa = PBXBuildFile; fileRef = 9DB323E42CA12572008ECAE9 /* HomeHeaderView.swift */; };
		9DB323E82CA12789008ECAE9 /* HomeMainView.swift in Sources */ = {isa = PBXBuildFile; fileRef = 9DB323E72CA12789008ECAE9 /* HomeMainView.swift */; };
		9DB324072CA21EFB008ECAE9 /* MonoplexKR-Bold.ttf in Resources */ = {isa = PBXBuildFile; fileRef = 9DB324012CA21EFB008ECAE9 /* MonoplexKR-Bold.ttf */; };
		9DB324082CA21EFB008ECAE9 /* MonoplexKR-Bold.ttf in Resources */ = {isa = PBXBuildFile; fileRef = 9DB324012CA21EFB008ECAE9 /* MonoplexKR-Bold.ttf */; };
		9DB324092CA21EFB008ECAE9 /* MonoplexKR-Bold.ttf in Resources */ = {isa = PBXBuildFile; fileRef = 9DB324012CA21EFB008ECAE9 /* MonoplexKR-Bold.ttf */; };
		9DB3240A2CA21EFB008ECAE9 /* MonoplexKR-Medium.ttf in Resources */ = {isa = PBXBuildFile; fileRef = 9DB324022CA21EFB008ECAE9 /* MonoplexKR-Medium.ttf */; };
		9DB3240B2CA21EFB008ECAE9 /* MonoplexKR-Medium.ttf in Resources */ = {isa = PBXBuildFile; fileRef = 9DB324022CA21EFB008ECAE9 /* MonoplexKR-Medium.ttf */; };
		9DB3240C2CA21EFB008ECAE9 /* MonoplexKR-Medium.ttf in Resources */ = {isa = PBXBuildFile; fileRef = 9DB324022CA21EFB008ECAE9 /* MonoplexKR-Medium.ttf */; };
		9DB3240D2CA21EFB008ECAE9 /* MonoplexKR-ExtraLight.ttf in Resources */ = {isa = PBXBuildFile; fileRef = 9DB324032CA21EFB008ECAE9 /* MonoplexKR-ExtraLight.ttf */; };
		9DB3240E2CA21EFB008ECAE9 /* MonoplexKR-ExtraLight.ttf in Resources */ = {isa = PBXBuildFile; fileRef = 9DB324032CA21EFB008ECAE9 /* MonoplexKR-ExtraLight.ttf */; };
		9DB3240F2CA21EFB008ECAE9 /* MonoplexKR-ExtraLight.ttf in Resources */ = {isa = PBXBuildFile; fileRef = 9DB324032CA21EFB008ECAE9 /* MonoplexKR-ExtraLight.ttf */; };
		9DB324102CA21EFB008ECAE9 /* MonoplexKR-Regular.ttf in Resources */ = {isa = PBXBuildFile; fileRef = 9DB324042CA21EFB008ECAE9 /* MonoplexKR-Regular.ttf */; };
		9DB324112CA21EFB008ECAE9 /* MonoplexKR-Regular.ttf in Resources */ = {isa = PBXBuildFile; fileRef = 9DB324042CA21EFB008ECAE9 /* MonoplexKR-Regular.ttf */; };
		9DB324122CA21EFB008ECAE9 /* MonoplexKR-Regular.ttf in Resources */ = {isa = PBXBuildFile; fileRef = 9DB324042CA21EFB008ECAE9 /* MonoplexKR-Regular.ttf */; };
		9DB324132CA21EFB008ECAE9 /* MonoplexKR-Thin.ttf in Resources */ = {isa = PBXBuildFile; fileRef = 9DB324052CA21EFB008ECAE9 /* MonoplexKR-Thin.ttf */; };
		9DB324142CA21EFB008ECAE9 /* MonoplexKR-Thin.ttf in Resources */ = {isa = PBXBuildFile; fileRef = 9DB324052CA21EFB008ECAE9 /* MonoplexKR-Thin.ttf */; };
		9DB324152CA21EFB008ECAE9 /* MonoplexKR-Thin.ttf in Resources */ = {isa = PBXBuildFile; fileRef = 9DB324052CA21EFB008ECAE9 /* MonoplexKR-Thin.ttf */; };
		9DB324162CA21EFB008ECAE9 /* MonoplexKR-Text.ttf in Resources */ = {isa = PBXBuildFile; fileRef = 9DB324062CA21EFB008ECAE9 /* MonoplexKR-Text.ttf */; };
		9DB324172CA21EFB008ECAE9 /* MonoplexKR-Text.ttf in Resources */ = {isa = PBXBuildFile; fileRef = 9DB324062CA21EFB008ECAE9 /* MonoplexKR-Text.ttf */; };
		9DB324182CA21EFB008ECAE9 /* MonoplexKR-Text.ttf in Resources */ = {isa = PBXBuildFile; fileRef = 9DB324062CA21EFB008ECAE9 /* MonoplexKR-Text.ttf */; };
		9DB3241B2CA24A4F008ECAE9 /* HakgyoansimBunpilR.otf in Resources */ = {isa = PBXBuildFile; fileRef = 9DB324192CA24A4F008ECAE9 /* HakgyoansimBunpilR.otf */; };
		9DB3241C2CA24A4F008ECAE9 /* HakgyoansimBunpilR.otf in Resources */ = {isa = PBXBuildFile; fileRef = 9DB324192CA24A4F008ECAE9 /* HakgyoansimBunpilR.otf */; };
		9DB3241D2CA24A4F008ECAE9 /* HakgyoansimBunpilR.otf in Resources */ = {isa = PBXBuildFile; fileRef = 9DB324192CA24A4F008ECAE9 /* HakgyoansimBunpilR.otf */; };
		9DD332E82CAA3626004F1F77 /* ImageResponse.swift in Sources */ = {isa = PBXBuildFile; fileRef = 9DD332E72CAA3626004F1F77 /* ImageResponse.swift */; };
		9DD332EA2CAA3A52004F1F77 /* SDWebImage in Frameworks */ = {isa = PBXBuildFile; productRef = 9DD332E92CAA3A52004F1F77 /* SDWebImage */; };
		9DD332EC2CAA3A52004F1F77 /* SDWebImageMapKit in Frameworks */ = {isa = PBXBuildFile; productRef = 9DD332EB2CAA3A52004F1F77 /* SDWebImageMapKit */; };
		9DD332EF2CAA61CC004F1F77 /* DetailBodyView.swift in Sources */ = {isa = PBXBuildFile; fileRef = 9DD332EE2CAA61CC004F1F77 /* DetailBodyView.swift */; };
		9DD332F12CAB311E004F1F77 /* AttractionInfo.swift in Sources */ = {isa = PBXBuildFile; fileRef = 9DD332F02CAB311E004F1F77 /* AttractionInfo.swift */; };
/* End PBXBuildFile section */

/* Begin PBXContainerItemProxy section */
		9DB323B82CA0C1A6008ECAE9 /* PBXContainerItemProxy */ = {
			isa = PBXContainerItemProxy;
			containerPortal = 9DB323962CA0C1A4008ECAE9 /* Project object */;
			proxyType = 1;
			remoteGlobalIDString = 9DB3239D2CA0C1A4008ECAE9;
			remoteInfo = TipMemory;
		};
		9DB323C22CA0C1A6008ECAE9 /* PBXContainerItemProxy */ = {
			isa = PBXContainerItemProxy;
			containerPortal = 9DB323962CA0C1A4008ECAE9 /* Project object */;
			proxyType = 1;
			remoteGlobalIDString = 9DB3239D2CA0C1A4008ECAE9;
			remoteInfo = TipMemory;
		};
/* End PBXContainerItemProxy section */

/* Begin PBXFileReference section */
		9D01E9D22CAB7616006A2453 /* UnifiedResponse.swift */ = {isa = PBXFileReference; lastKnownFileType = sourcecode.swift; path = UnifiedResponse.swift; sourceTree = "<group>"; };
		9D01E9D72CAC81CC006A2453 /* Functions.swift */ = {isa = PBXFileReference; lastKnownFileType = sourcecode.swift; path = Functions.swift; sourceTree = "<group>"; };
		9D025F242CA3B4AB008A6685 /* HomeBodyTableViewCell.swift */ = {isa = PBXFileReference; lastKnownFileType = sourcecode.swift; path = HomeBodyTableViewCell.swift; sourceTree = "<group>"; };
		9D025F262CA3D760008A6685 /* HomeBodyTableCollectionViewCell.swift */ = {isa = PBXFileReference; lastKnownFileType = sourcecode.swift; path = HomeBodyTableCollectionViewCell.swift; sourceTree = "<group>"; };
		9D025F6A2CA50F8F008A6685 /* AlarmViewController.swift */ = {isa = PBXFileReference; lastKnownFileType = sourcecode.swift; path = AlarmViewController.swift; sourceTree = "<group>"; };
		9D025F6C2CA5168E008A6685 /* NetworkManager.swift */ = {isa = PBXFileReference; lastKnownFileType = sourcecode.swift; path = NetworkManager.swift; sourceTree = "<group>"; };
		9D41AFDF2CA6641E008F2C5D /* LocationCode.csv */ = {isa = PBXFileReference; lastKnownFileType = text; path = LocationCode.csv; sourceTree = "<group>"; };
		9D41AFE92CA664B5008F2C5D /* LocationCode.swift */ = {isa = PBXFileReference; lastKnownFileType = sourcecode.swift; path = LocationCode.swift; sourceTree = "<group>"; };
		9D41AFF12CA6A7B7008F2C5D /* DetailViewController.swift */ = {isa = PBXFileReference; lastKnownFileType = sourcecode.swift; path = DetailViewController.swift; sourceTree = "<group>"; };
		9D41AFF52CA7668E008F2C5D /* DetailMainView.swift */ = {isa = PBXFileReference; lastKnownFileType = sourcecode.swift; path = DetailMainView.swift; sourceTree = "<group>"; };
		9D41AFF82CA768E7008F2C5D /* DetailHeaderView.swift */ = {isa = PBXFileReference; lastKnownFileType = sourcecode.swift; path = DetailHeaderView.swift; sourceTree = "<group>"; };
		9D41B0012CA8EB94008F2C5D /* DetailImageCollectionViewCell.swift */ = {isa = PBXFileReference; lastKnownFileType = sourcecode.swift; path = DetailImageCollectionViewCell.swift; sourceTree = "<group>"; };
		9D56B6E72CA5490E006A1893 /* AttractionResponse.swift */ = {isa = PBXFileReference; lastKnownFileType = sourcecode.swift; path = AttractionResponse.swift; sourceTree = "<group>"; };
		9D56B6EE2CA56E70006A1893 /* Eums.swift */ = {isa = PBXFileReference; lastKnownFileType = sourcecode.swift; path = Eums.swift; sourceTree = "<group>"; };
		9D7148542CA2594A0082737F /* CategoryView.swift */ = {isa = PBXFileReference; lastKnownFileType = sourcecode.swift; path = CategoryView.swift; sourceTree = "<group>"; };
		9D78CE662CA2788500133FC4 /* CategoryCollectionViewCell.swift */ = {isa = PBXFileReference; lastKnownFileType = sourcecode.swift; path = CategoryCollectionViewCell.swift; sourceTree = "<group>"; };
		9D996E1F2CA5A2AB009922FA /* Extensions.swift */ = {isa = PBXFileReference; lastKnownFileType = sourcecode.swift; path = Extensions.swift; sourceTree = "<group>"; };
		9DAC3E542CA381590017AA6E /* HomeBodyView.swift */ = {isa = PBXFileReference; lastKnownFileType = sourcecode.swift; path = HomeBodyView.swift; sourceTree = "<group>"; };
		9DB3239E2CA0C1A4008ECAE9 /* TipMemory.app */ = {isa = PBXFileReference; explicitFileType = wrapper.application; includeInIndex = 0; path = TipMemory.app; sourceTree = BUILT_PRODUCTS_DIR; };
		9DB323A12CA0C1A4008ECAE9 /* AppDelegate.swift */ = {isa = PBXFileReference; lastKnownFileType = sourcecode.swift; path = AppDelegate.swift; sourceTree = "<group>"; };
		9DB323A32CA0C1A4008ECAE9 /* SceneDelegate.swift */ = {isa = PBXFileReference; lastKnownFileType = sourcecode.swift; path = SceneDelegate.swift; sourceTree = "<group>"; };
		9DB323A52CA0C1A4008ECAE9 /* HomeViewController.swift */ = {isa = PBXFileReference; lastKnownFileType = sourcecode.swift; path = HomeViewController.swift; sourceTree = "<group>"; };
		9DB323AB2CA0C1A4008ECAE9 /* TipMemory.xcdatamodel */ = {isa = PBXFileReference; lastKnownFileType = wrapper.xcdatamodel; path = TipMemory.xcdatamodel; sourceTree = "<group>"; };
		9DB323AD2CA0C1A6008ECAE9 /* Assets.xcassets */ = {isa = PBXFileReference; lastKnownFileType = folder.assetcatalog; path = Assets.xcassets; sourceTree = "<group>"; };
		9DB323B02CA0C1A6008ECAE9 /* Base */ = {isa = PBXFileReference; lastKnownFileType = file.storyboard; name = Base; path = Base.lproj/LaunchScreen.storyboard; sourceTree = "<group>"; };
		9DB323B22CA0C1A6008ECAE9 /* Info.plist */ = {isa = PBXFileReference; lastKnownFileType = text.plist.xml; path = Info.plist; sourceTree = "<group>"; };
		9DB323B72CA0C1A6008ECAE9 /* TipMemoryTests.xctest */ = {isa = PBXFileReference; explicitFileType = wrapper.cfbundle; includeInIndex = 0; path = TipMemoryTests.xctest; sourceTree = BUILT_PRODUCTS_DIR; };
		9DB323BB2CA0C1A6008ECAE9 /* TipMemoryTests.swift */ = {isa = PBXFileReference; lastKnownFileType = sourcecode.swift; path = TipMemoryTests.swift; sourceTree = "<group>"; };
		9DB323C12CA0C1A6008ECAE9 /* TipMemoryUITests.xctest */ = {isa = PBXFileReference; explicitFileType = wrapper.cfbundle; includeInIndex = 0; path = TipMemoryUITests.xctest; sourceTree = BUILT_PRODUCTS_DIR; };
		9DB323C52CA0C1A6008ECAE9 /* TipMemoryUITests.swift */ = {isa = PBXFileReference; lastKnownFileType = sourcecode.swift; path = TipMemoryUITests.swift; sourceTree = "<group>"; };
		9DB323C72CA0C1A6008ECAE9 /* TipMemoryUITestsLaunchTests.swift */ = {isa = PBXFileReference; lastKnownFileType = sourcecode.swift; path = TipMemoryUITestsLaunchTests.swift; sourceTree = "<group>"; };
		9DB323D72CA0C7B8008ECAE9 /* SearchResultsViewController.swift */ = {isa = PBXFileReference; lastKnownFileType = sourcecode.swift; path = SearchResultsViewController.swift; sourceTree = "<group>"; };
		9DB323D92CA1185C008ECAE9 /* SearchViewController.swift */ = {isa = PBXFileReference; lastKnownFileType = sourcecode.swift; path = SearchViewController.swift; sourceTree = "<group>"; };
		9DB323DB2CA11886008ECAE9 /* MainTabBarController.swift */ = {isa = PBXFileReference; lastKnownFileType = sourcecode.swift; path = MainTabBarController.swift; sourceTree = "<group>"; };
		9DB323DD2CA11AE8008ECAE9 /* ProfileViewController.swift */ = {isa = PBXFileReference; lastKnownFileType = sourcecode.swift; path = ProfileViewController.swift; sourceTree = "<group>"; };
		9DB323DF2CA11DE6008ECAE9 /* LocationViewController.swift */ = {isa = PBXFileReference; lastKnownFileType = sourcecode.swift; path = LocationViewController.swift; sourceTree = "<group>"; };
		9DB323E42CA12572008ECAE9 /* HomeHeaderView.swift */ = {isa = PBXFileReference; lastKnownFileType = sourcecode.swift; path = HomeHeaderView.swift; sourceTree = "<group>"; };
		9DB323E72CA12789008ECAE9 /* HomeMainView.swift */ = {isa = PBXFileReference; lastKnownFileType = sourcecode.swift; path = HomeMainView.swift; sourceTree = "<group>"; };
		9DB324012CA21EFB008ECAE9 /* MonoplexKR-Bold.ttf */ = {isa = PBXFileReference; lastKnownFileType = file; path = "MonoplexKR-Bold.ttf"; sourceTree = "<group>"; };
		9DB324022CA21EFB008ECAE9 /* MonoplexKR-Medium.ttf */ = {isa = PBXFileReference; lastKnownFileType = file; path = "MonoplexKR-Medium.ttf"; sourceTree = "<group>"; };
		9DB324032CA21EFB008ECAE9 /* MonoplexKR-ExtraLight.ttf */ = {isa = PBXFileReference; lastKnownFileType = file; path = "MonoplexKR-ExtraLight.ttf"; sourceTree = "<group>"; };
		9DB324042CA21EFB008ECAE9 /* MonoplexKR-Regular.ttf */ = {isa = PBXFileReference; lastKnownFileType = file; path = "MonoplexKR-Regular.ttf"; sourceTree = "<group>"; };
		9DB324052CA21EFB008ECAE9 /* MonoplexKR-Thin.ttf */ = {isa = PBXFileReference; lastKnownFileType = file; path = "MonoplexKR-Thin.ttf"; sourceTree = "<group>"; };
		9DB324062CA21EFB008ECAE9 /* MonoplexKR-Text.ttf */ = {isa = PBXFileReference; lastKnownFileType = file; path = "MonoplexKR-Text.ttf"; sourceTree = "<group>"; };
		9DB324192CA24A4F008ECAE9 /* HakgyoansimBunpilR.otf */ = {isa = PBXFileReference; lastKnownFileType = file; path = HakgyoansimBunpilR.otf; sourceTree = "<group>"; };
		9DD332E72CAA3626004F1F77 /* ImageResponse.swift */ = {isa = PBXFileReference; lastKnownFileType = sourcecode.swift; path = ImageResponse.swift; sourceTree = "<group>"; };
		9DD332EE2CAA61CC004F1F77 /* DetailBodyView.swift */ = {isa = PBXFileReference; lastKnownFileType = sourcecode.swift; path = DetailBodyView.swift; sourceTree = "<group>"; };
		9DD332F02CAB311E004F1F77 /* AttractionInfo.swift */ = {isa = PBXFileReference; lastKnownFileType = sourcecode.swift; path = AttractionInfo.swift; sourceTree = "<group>"; };
/* End PBXFileReference section */

/* Begin PBXFrameworksBuildPhase section */
		9DB3239B2CA0C1A4008ECAE9 /* Frameworks */ = {
			isa = PBXFrameworksBuildPhase;
			buildActionMask = 2147483647;
			files = (
				9DD332EA2CAA3A52004F1F77 /* SDWebImage in Frameworks */,
				9D996E1E2CA59CC4009922FA /* SDWebImageMapKit in Frameworks */,
				9DD332EC2CAA3A52004F1F77 /* SDWebImageMapKit in Frameworks */,
				9D996E1C2CA59CC4009922FA /* SDWebImage in Frameworks */,
			);
			runOnlyForDeploymentPostprocessing = 0;
		};
		9DB323B42CA0C1A6008ECAE9 /* Frameworks */ = {
			isa = PBXFrameworksBuildPhase;
			buildActionMask = 2147483647;
			files = (
			);
			runOnlyForDeploymentPostprocessing = 0;
		};
		9DB323BE2CA0C1A6008ECAE9 /* Frameworks */ = {
			isa = PBXFrameworksBuildPhase;
			buildActionMask = 2147483647;
			files = (
			);
			runOnlyForDeploymentPostprocessing = 0;
		};
/* End PBXFrameworksBuildPhase section */

/* Begin PBXGroup section */
		9D01E9D62CAC81B5006A2453 /* Functions */ = {
			isa = PBXGroup;
			children = (
				9D01E9D72CAC81CC006A2453 /* Functions.swift */,
			);
			path = Functions;
			sourceTree = "<group>";
		};
		9D025F682CA50F65008A6685 /* Models */ = {
			isa = PBXGroup;
			children = (
				9D56B6E72CA5490E006A1893 /* AttractionResponse.swift */,
				9DD332E72CAA3626004F1F77 /* ImageResponse.swift */,
				9DD332F02CAB311E004F1F77 /* AttractionInfo.swift */,
				9D01E9D22CAB7616006A2453 /* UnifiedResponse.swift */,
			);
			path = Models;
			sourceTree = "<group>";
		};
		9D025F692CA50F6B008A6685 /* Network */ = {
			isa = PBXGroup;
			children = (
				9D025F6C2CA5168E008A6685 /* NetworkManager.swift */,
			);
			path = Network;
			sourceTree = "<group>";
		};
		9D41AFD62CA66285008F2C5D /* ETC */ = {
			isa = PBXGroup;
			children = (
				9D41AFDF2CA6641E008F2C5D /* LocationCode.csv */,
			);
			path = ETC;
			sourceTree = "<group>";
		};
		9D41AFE32CA66488008F2C5D /* Extensions */ = {
			isa = PBXGroup;
			children = (
				9D996E1F2CA5A2AB009922FA /* Extensions.swift */,
			);
			path = Extensions;
			sourceTree = "<group>";
		};
		9D41AFE42CA66496008F2C5D /* LocationCode */ = {
			isa = PBXGroup;
			children = (
				9D41AFE92CA664B5008F2C5D /* LocationCode.swift */,
			);
			path = LocationCode;
			sourceTree = "<group>";
		};
		9D41AFF32CA76664008F2C5D /* DetailView */ = {
			isa = PBXGroup;
			children = (
				9D41AFF42CA76678008F2C5D /* MainView */,
				9D41AFF72CA767C2008F2C5D /* HeaderView */,
				9DD332ED2CAA3EFC004F1F77 /* BodyView */,
			);
			path = DetailView;
			sourceTree = "<group>";
		};
		9D41AFF42CA76678008F2C5D /* MainView */ = {
			isa = PBXGroup;
			children = (
				9D41AFF52CA7668E008F2C5D /* DetailMainView.swift */,
			);
			path = MainView;
			sourceTree = "<group>";
		};
		9D41AFF72CA767C2008F2C5D /* HeaderView */ = {
			isa = PBXGroup;
			children = (
				9D41AFF82CA768E7008F2C5D /* DetailHeaderView.swift */,
				9D41B0012CA8EB94008F2C5D /* DetailImageCollectionViewCell.swift */,
			);
			path = HeaderView;
			sourceTree = "<group>";
		};
		9D56B6E92CA56E46006A1893 /* Enums */ = {
			isa = PBXGroup;
			children = (
				9D56B6EE2CA56E70006A1893 /* Eums.swift */,
			);
			path = Enums;
			sourceTree = "<group>";
		};
		9DAC3E512CA380510017AA6E /* BodyView */ = {
			isa = PBXGroup;
			children = (
				9DAC3E542CA381590017AA6E /* HomeBodyView.swift */,
				9D025F242CA3B4AB008A6685 /* HomeBodyTableViewCell.swift */,
				9D025F262CA3D760008A6685 /* HomeBodyTableCollectionViewCell.swift */,
			);
			path = BodyView;
			sourceTree = "<group>";
		};
		9DB323952CA0C1A4008ECAE9 = {
			isa = PBXGroup;
			children = (
				9DB323A02CA0C1A4008ECAE9 /* TipMemory */,
				9DB323BA2CA0C1A6008ECAE9 /* TipMemoryTests */,
				9DB323C42CA0C1A6008ECAE9 /* TipMemoryUITests */,
				9DB3239F2CA0C1A4008ECAE9 /* Products */,
			);
			sourceTree = "<group>";
		};
		9DB3239F2CA0C1A4008ECAE9 /* Products */ = {
			isa = PBXGroup;
			children = (
				9DB3239E2CA0C1A4008ECAE9 /* TipMemory.app */,
				9DB323B72CA0C1A6008ECAE9 /* TipMemoryTests.xctest */,
				9DB323C12CA0C1A6008ECAE9 /* TipMemoryUITests.xctest */,
			);
			name = Products;
			sourceTree = "<group>";
		};
		9DB323A02CA0C1A4008ECAE9 /* TipMemory */ = {
			isa = PBXGroup;
			children = (
				9DB323EA2CA21910008ECAE9 /* Resource */,
				9D025F692CA50F6B008A6685 /* Network */,
				9D025F682CA50F65008A6685 /* Models */,
				9DB323E12CA12536008ECAE9 /* Views */,
				9DB323D42CA0C352008ECAE9 /* ViewControllers */,
				9DB323A12CA0C1A4008ECAE9 /* AppDelegate.swift */,
				9DB323A32CA0C1A4008ECAE9 /* SceneDelegate.swift */,
				9DB323AD2CA0C1A6008ECAE9 /* Assets.xcassets */,
				9DB323AF2CA0C1A6008ECAE9 /* LaunchScreen.storyboard */,
				9DB323B22CA0C1A6008ECAE9 /* Info.plist */,
				9DB323AA2CA0C1A4008ECAE9 /* TipMemory.xcdatamodeld */,
			);
			path = TipMemory;
			sourceTree = "<group>";
		};
		9DB323BA2CA0C1A6008ECAE9 /* TipMemoryTests */ = {
			isa = PBXGroup;
			children = (
				9DB323BB2CA0C1A6008ECAE9 /* TipMemoryTests.swift */,
			);
			path = TipMemoryTests;
			sourceTree = "<group>";
		};
		9DB323C42CA0C1A6008ECAE9 /* TipMemoryUITests */ = {
			isa = PBXGroup;
			children = (
				9DB323C52CA0C1A6008ECAE9 /* TipMemoryUITests.swift */,
				9DB323C72CA0C1A6008ECAE9 /* TipMemoryUITestsLaunchTests.swift */,
			);
			path = TipMemoryUITests;
			sourceTree = "<group>";
		};
		9DB323D42CA0C352008ECAE9 /* ViewControllers */ = {
			isa = PBXGroup;
			children = (
				9DB323D62CA0C78E008ECAE9 /* General */,
				9DB323D52CA0C782008ECAE9 /* Core */,
			);
			path = ViewControllers;
			sourceTree = "<group>";
		};
		9DB323D52CA0C782008ECAE9 /* Core */ = {
			isa = PBXGroup;
			children = (
				9DB323A52CA0C1A4008ECAE9 /* HomeViewController.swift */,
				9DB323D92CA1185C008ECAE9 /* SearchViewController.swift */,
				9DB323DD2CA11AE8008ECAE9 /* ProfileViewController.swift */,
				9DB323DF2CA11DE6008ECAE9 /* LocationViewController.swift */,
			);
			path = Core;
			sourceTree = "<group>";
		};
		9DB323D62CA0C78E008ECAE9 /* General */ = {
			isa = PBXGroup;
			children = (
				9DB323D72CA0C7B8008ECAE9 /* SearchResultsViewController.swift */,
				9DB323DB2CA11886008ECAE9 /* MainTabBarController.swift */,
				9D025F6A2CA50F8F008A6685 /* AlarmViewController.swift */,
				9D41AFF12CA6A7B7008F2C5D /* DetailViewController.swift */,
			);
			path = General;
			sourceTree = "<group>";
		};
		9DB323E12CA12536008ECAE9 /* Views */ = {
			isa = PBXGroup;
			children = (
				9DB323E22CA12548008ECAE9 /* HomeView */,
				9D41AFF32CA76664008F2C5D /* DetailView */,
			);
			path = Views;
			sourceTree = "<group>";
		};
		9DB323E22CA12548008ECAE9 /* HomeView */ = {
			isa = PBXGroup;
			children = (
				9DB323E62CA12778008ECAE9 /* MainView */,
				9DB323E32CA12559008ECAE9 /* HeaderView */,
				9DAC3E512CA380510017AA6E /* BodyView */,
			);
			path = HomeView;
			sourceTree = "<group>";
		};
		9DB323E32CA12559008ECAE9 /* HeaderView */ = {
			isa = PBXGroup;
			children = (
				9DB323E42CA12572008ECAE9 /* HomeHeaderView.swift */,
				9D7148542CA2594A0082737F /* CategoryView.swift */,
				9D78CE662CA2788500133FC4 /* CategoryCollectionViewCell.swift */,
			);
			path = HeaderView;
			sourceTree = "<group>";
		};
		9DB323E62CA12778008ECAE9 /* MainView */ = {
			isa = PBXGroup;
			children = (
				9DB323E72CA12789008ECAE9 /* HomeMainView.swift */,
			);
			path = MainView;
			sourceTree = "<group>";
		};
		9DB323EA2CA21910008ECAE9 /* Resource */ = {
			isa = PBXGroup;
			children = (
				9D01E9D62CAC81B5006A2453 /* Functions */,
				9D41AFE42CA66496008F2C5D /* LocationCode */,
				9D41AFE32CA66488008F2C5D /* Extensions */,
				9D41AFD62CA66285008F2C5D /* ETC */,
				9D56B6E92CA56E46006A1893 /* Enums */,
				9DB323EB2CA21917008ECAE9 /* Font */,
			);
			path = Resource;
			sourceTree = "<group>";
		};
		9DB323EB2CA21917008ECAE9 /* Font */ = {
			isa = PBXGroup;
			children = (
				9DB324192CA24A4F008ECAE9 /* HakgyoansimBunpilR.otf */,
				9DB324012CA21EFB008ECAE9 /* MonoplexKR-Bold.ttf */,
				9DB324032CA21EFB008ECAE9 /* MonoplexKR-ExtraLight.ttf */,
				9DB324022CA21EFB008ECAE9 /* MonoplexKR-Medium.ttf */,
				9DB324042CA21EFB008ECAE9 /* MonoplexKR-Regular.ttf */,
				9DB324062CA21EFB008ECAE9 /* MonoplexKR-Text.ttf */,
				9DB324052CA21EFB008ECAE9 /* MonoplexKR-Thin.ttf */,
			);
			path = Font;
			sourceTree = "<group>";
		};
		9DD332ED2CAA3EFC004F1F77 /* BodyView */ = {
			isa = PBXGroup;
			children = (
				9DD332EE2CAA61CC004F1F77 /* DetailBodyView.swift */,
			);
			path = BodyView;
			sourceTree = "<group>";
		};
/* End PBXGroup section */

/* Begin PBXNativeTarget section */
		9DB3239D2CA0C1A4008ECAE9 /* TipMemory */ = {
			isa = PBXNativeTarget;
			buildConfigurationList = 9DB323CB2CA0C1A6008ECAE9 /* Build configuration list for PBXNativeTarget "TipMemory" */;
			buildPhases = (
				9DB3239A2CA0C1A4008ECAE9 /* Sources */,
				9DB3239B2CA0C1A4008ECAE9 /* Frameworks */,
				9DB3239C2CA0C1A4008ECAE9 /* Resources */,
			);
			buildRules = (
			);
			dependencies = (
			);
			name = TipMemory;
			productName = TipMemory;
			productReference = 9DB3239E2CA0C1A4008ECAE9 /* TipMemory.app */;
			productType = "com.apple.product-type.application";
		};
		9DB323B62CA0C1A6008ECAE9 /* TipMemoryTests */ = {
			isa = PBXNativeTarget;
			buildConfigurationList = 9DB323CE2CA0C1A6008ECAE9 /* Build configuration list for PBXNativeTarget "TipMemoryTests" */;
			buildPhases = (
				9DB323B32CA0C1A6008ECAE9 /* Sources */,
				9DB323B42CA0C1A6008ECAE9 /* Frameworks */,
				9DB323B52CA0C1A6008ECAE9 /* Resources */,
			);
			buildRules = (
			);
			dependencies = (
				9DB323B92CA0C1A6008ECAE9 /* PBXTargetDependency */,
			);
			name = TipMemoryTests;
			productName = TipMemoryTests;
			productReference = 9DB323B72CA0C1A6008ECAE9 /* TipMemoryTests.xctest */;
			productType = "com.apple.product-type.bundle.unit-test";
		};
		9DB323C02CA0C1A6008ECAE9 /* TipMemoryUITests */ = {
			isa = PBXNativeTarget;
			buildConfigurationList = 9DB323D12CA0C1A6008ECAE9 /* Build configuration list for PBXNativeTarget "TipMemoryUITests" */;
			buildPhases = (
				9DB323BD2CA0C1A6008ECAE9 /* Sources */,
				9DB323BE2CA0C1A6008ECAE9 /* Frameworks */,
				9DB323BF2CA0C1A6008ECAE9 /* Resources */,
			);
			buildRules = (
			);
			dependencies = (
				9DB323C32CA0C1A6008ECAE9 /* PBXTargetDependency */,
			);
			name = TipMemoryUITests;
			productName = TipMemoryUITests;
			productReference = 9DB323C12CA0C1A6008ECAE9 /* TipMemoryUITests.xctest */;
			productType = "com.apple.product-type.bundle.ui-testing";
		};
/* End PBXNativeTarget section */

/* Begin PBXProject section */
		9DB323962CA0C1A4008ECAE9 /* Project object */ = {
			isa = PBXProject;
			attributes = {
				BuildIndependentTargetsInParallel = 1;
				LastSwiftUpdateCheck = 1540;
				LastUpgradeCheck = 1600;
				TargetAttributes = {
					9DB3239D2CA0C1A4008ECAE9 = {
						CreatedOnToolsVersion = 15.4;
					};
					9DB323B62CA0C1A6008ECAE9 = {
						CreatedOnToolsVersion = 15.4;
						TestTargetID = 9DB3239D2CA0C1A4008ECAE9;
					};
					9DB323C02CA0C1A6008ECAE9 = {
						CreatedOnToolsVersion = 15.4;
						TestTargetID = 9DB3239D2CA0C1A4008ECAE9;
					};
				};
			};
			buildConfigurationList = 9DB323992CA0C1A4008ECAE9 /* Build configuration list for PBXProject "TipMemory" */;
			compatibilityVersion = "Xcode 14.0";
			developmentRegion = en;
			hasScannedForEncodings = 0;
			knownRegions = (
				en,
				Base,
			);
			mainGroup = 9DB323952CA0C1A4008ECAE9;
			packageReferences = (
				9D996E1A2CA59CC4009922FA /* XCRemoteSwiftPackageReference "SDWebImage" */,
			);
			productRefGroup = 9DB3239F2CA0C1A4008ECAE9 /* Products */;
			projectDirPath = "";
			projectRoot = "";
			targets = (
				9DB3239D2CA0C1A4008ECAE9 /* TipMemory */,
				9DB323B62CA0C1A6008ECAE9 /* TipMemoryTests */,
				9DB323C02CA0C1A6008ECAE9 /* TipMemoryUITests */,
			);
		};
/* End PBXProject section */

/* Begin PBXResourcesBuildPhase section */
		9DB3239C2CA0C1A4008ECAE9 /* Resources */ = {
			isa = PBXResourcesBuildPhase;
			buildActionMask = 2147483647;
			files = (
				9DB324162CA21EFB008ECAE9 /* MonoplexKR-Text.ttf in Resources */,
				9DB323AE2CA0C1A6008ECAE9 /* Assets.xcassets in Resources */,
				9D41AFE02CA6641E008F2C5D /* LocationCode.csv in Resources */,
				9DB3240D2CA21EFB008ECAE9 /* MonoplexKR-ExtraLight.ttf in Resources */,
				9DB3241B2CA24A4F008ECAE9 /* HakgyoansimBunpilR.otf in Resources */,
				9DB324102CA21EFB008ECAE9 /* MonoplexKR-Regular.ttf in Resources */,
				9DB324072CA21EFB008ECAE9 /* MonoplexKR-Bold.ttf in Resources */,
				9DB324132CA21EFB008ECAE9 /* MonoplexKR-Thin.ttf in Resources */,
				9DB3240A2CA21EFB008ECAE9 /* MonoplexKR-Medium.ttf in Resources */,
				9DB323B12CA0C1A6008ECAE9 /* Base in Resources */,
			);
			runOnlyForDeploymentPostprocessing = 0;
		};
		9DB323B52CA0C1A6008ECAE9 /* Resources */ = {
			isa = PBXResourcesBuildPhase;
			buildActionMask = 2147483647;
			files = (
				9DB3241C2CA24A4F008ECAE9 /* HakgyoansimBunpilR.otf in Resources */,
				9DB324172CA21EFB008ECAE9 /* MonoplexKR-Text.ttf in Resources */,
				9DB324112CA21EFB008ECAE9 /* MonoplexKR-Regular.ttf in Resources */,
				9DB324142CA21EFB008ECAE9 /* MonoplexKR-Thin.ttf in Resources */,
				9DB3240E2CA21EFB008ECAE9 /* MonoplexKR-ExtraLight.ttf in Resources */,
				9DB3240B2CA21EFB008ECAE9 /* MonoplexKR-Medium.ttf in Resources */,
				9D41AFE22CA6641E008F2C5D /* LocationCode.csv in Resources */,
				9DB324082CA21EFB008ECAE9 /* MonoplexKR-Bold.ttf in Resources */,
			);
			runOnlyForDeploymentPostprocessing = 0;
		};
		9DB323BF2CA0C1A6008ECAE9 /* Resources */ = {
			isa = PBXResourcesBuildPhase;
			buildActionMask = 2147483647;
			files = (
				9DB3241D2CA24A4F008ECAE9 /* HakgyoansimBunpilR.otf in Resources */,
				9DB324182CA21EFB008ECAE9 /* MonoplexKR-Text.ttf in Resources */,
				9DB324122CA21EFB008ECAE9 /* MonoplexKR-Regular.ttf in Resources */,
				9DB324152CA21EFB008ECAE9 /* MonoplexKR-Thin.ttf in Resources */,
				9DB3240F2CA21EFB008ECAE9 /* MonoplexKR-ExtraLight.ttf in Resources */,
				9DB3240C2CA21EFB008ECAE9 /* MonoplexKR-Medium.ttf in Resources */,
				9D41AFE12CA6641E008F2C5D /* LocationCode.csv in Resources */,
				9DB324092CA21EFB008ECAE9 /* MonoplexKR-Bold.ttf in Resources */,
			);
			runOnlyForDeploymentPostprocessing = 0;
		};
/* End PBXResourcesBuildPhase section */

/* Begin PBXSourcesBuildPhase section */
		9DB3239A2CA0C1A4008ECAE9 /* Sources */ = {
			isa = PBXSourcesBuildPhase;
			buildActionMask = 2147483647;
			files = (
				9D025F6D2CA5168E008A6685 /* NetworkManager.swift in Sources */,
				9D7148552CA2594A0082737F /* CategoryView.swift in Sources */,
				9D41AFF62CA7668E008F2C5D /* DetailMainView.swift in Sources */,
				9D025F6B2CA50F8F008A6685 /* AlarmViewController.swift in Sources */,
				9D41AFF92CA768E7008F2C5D /* DetailHeaderView.swift in Sources */,
				9D41AFEB2CA664B5008F2C5D /* LocationCode.swift in Sources */,
				9DAC3E552CA381590017AA6E /* HomeBodyView.swift in Sources */,
				9DB323DA2CA1185C008ECAE9 /* SearchViewController.swift in Sources */,
				9DB323AC2CA0C1A4008ECAE9 /* TipMemory.xcdatamodeld in Sources */,
				9DB323A62CA0C1A4008ECAE9 /* HomeViewController.swift in Sources */,
				9DD332F12CAB311E004F1F77 /* AttractionInfo.swift in Sources */,
				9DB323DC2CA11886008ECAE9 /* MainTabBarController.swift in Sources */,
				9DD332EF2CAA61CC004F1F77 /* DetailBodyView.swift in Sources */,
				9D01E9D32CAB7616006A2453 /* UnifiedResponse.swift in Sources */,
				9D025F272CA3D760008A6685 /* HomeBodyTableCollectionViewCell.swift in Sources */,
				9DB323A22CA0C1A4008ECAE9 /* AppDelegate.swift in Sources */,
				9D78CE672CA2788500133FC4 /* CategoryCollectionViewCell.swift in Sources */,
				9DB323E82CA12789008ECAE9 /* HomeMainView.swift in Sources */,
				9DB323A42CA0C1A4008ECAE9 /* SceneDelegate.swift in Sources */,
				9D41AFF22CA6A7B7008F2C5D /* DetailViewController.swift in Sources */,
				9DD332E82CAA3626004F1F77 /* ImageResponse.swift in Sources */,
				9D996E202CA5A2AB009922FA /* Extensions.swift in Sources */,
				9DB323E52CA12572008ECAE9 /* HomeHeaderView.swift in Sources */,
				9D01E9D92CAC81CC006A2453 /* Functions.swift in Sources */,
				9DB323E02CA11DE6008ECAE9 /* LocationViewController.swift in Sources */,
				9DB323DE2CA11AE8008ECAE9 /* ProfileViewController.swift in Sources */,
				9DB323D82CA0C7B8008ECAE9 /* SearchResultsViewController.swift in Sources */,
				9D025F252CA3B4AB008A6685 /* HomeBodyTableViewCell.swift in Sources */,
				9D56B6E82CA5490E006A1893 /* AttractionResponse.swift in Sources */,
				9D56B6F12CA56E70006A1893 /* Eums.swift in Sources */,
				9D41B0022CA8EB94008F2C5D /* DetailImageCollectionViewCell.swift in Sources */,
			);
			runOnlyForDeploymentPostprocessing = 0;
		};
		9DB323B32CA0C1A6008ECAE9 /* Sources */ = {
			isa = PBXSourcesBuildPhase;
			buildActionMask = 2147483647;
			files = (
				9DB323BC2CA0C1A6008ECAE9 /* TipMemoryTests.swift in Sources */,
				9D41AFEC2CA664B5008F2C5D /* LocationCode.swift in Sources */,
				9D996E222CA5A2AB009922FA /* Extensions.swift in Sources */,
				9D01E9D82CAC81CC006A2453 /* Functions.swift in Sources */,
				9D56B6EF2CA56E70006A1893 /* Eums.swift in Sources */,
			);
			runOnlyForDeploymentPostprocessing = 0;
		};
		9DB323BD2CA0C1A6008ECAE9 /* Sources */ = {
			isa = PBXSourcesBuildPhase;
			buildActionMask = 2147483647;
			files = (
				9DB323C62CA0C1A6008ECAE9 /* TipMemoryUITests.swift in Sources */,
				9DB323C82CA0C1A6008ECAE9 /* TipMemoryUITestsLaunchTests.swift in Sources */,
				9D56B6F02CA56E70006A1893 /* Eums.swift in Sources */,
				9D996E212CA5A2AB009922FA /* Extensions.swift in Sources */,
				9D41AFEA2CA664B5008F2C5D /* LocationCode.swift in Sources */,
				9D01E9DA2CAC81CC006A2453 /* Functions.swift in Sources */,
			);
			runOnlyForDeploymentPostprocessing = 0;
		};
/* End PBXSourcesBuildPhase section */

/* Begin PBXTargetDependency section */
		9DB323B92CA0C1A6008ECAE9 /* PBXTargetDependency */ = {
			isa = PBXTargetDependency;
			target = 9DB3239D2CA0C1A4008ECAE9 /* TipMemory */;
			targetProxy = 9DB323B82CA0C1A6008ECAE9 /* PBXContainerItemProxy */;
		};
		9DB323C32CA0C1A6008ECAE9 /* PBXTargetDependency */ = {
			isa = PBXTargetDependency;
			target = 9DB3239D2CA0C1A4008ECAE9 /* TipMemory */;
			targetProxy = 9DB323C22CA0C1A6008ECAE9 /* PBXContainerItemProxy */;
		};
/* End PBXTargetDependency section */

/* Begin PBXVariantGroup section */
		9DB323AF2CA0C1A6008ECAE9 /* LaunchScreen.storyboard */ = {
			isa = PBXVariantGroup;
			children = (
				9DB323B02CA0C1A6008ECAE9 /* Base */,
			);
			name = LaunchScreen.storyboard;
			sourceTree = "<group>";
		};
/* End PBXVariantGroup section */

/* Begin XCBuildConfiguration section */
		9DB323C92CA0C1A6008ECAE9 /* Debug */ = {
			isa = XCBuildConfiguration;
			buildSettings = {
				ALWAYS_SEARCH_USER_PATHS = NO;
				ASSETCATALOG_COMPILER_GENERATE_SWIFT_ASSET_SYMBOL_EXTENSIONS = YES;
				CLANG_ANALYZER_NONNULL = YES;
				CLANG_ANALYZER_NUMBER_OBJECT_CONVERSION = YES_AGGRESSIVE;
				CLANG_CXX_LANGUAGE_STANDARD = "gnu++20";
				CLANG_ENABLE_MODULES = YES;
				CLANG_ENABLE_OBJC_ARC = YES;
				CLANG_ENABLE_OBJC_WEAK = YES;
				CLANG_WARN_BLOCK_CAPTURE_AUTORELEASING = YES;
				CLANG_WARN_BOOL_CONVERSION = YES;
				CLANG_WARN_COMMA = YES;
				CLANG_WARN_CONSTANT_CONVERSION = YES;
				CLANG_WARN_DEPRECATED_OBJC_IMPLEMENTATIONS = YES;
				CLANG_WARN_DIRECT_OBJC_ISA_USAGE = YES_ERROR;
				CLANG_WARN_DOCUMENTATION_COMMENTS = YES;
				CLANG_WARN_EMPTY_BODY = YES;
				CLANG_WARN_ENUM_CONVERSION = YES;
				CLANG_WARN_INFINITE_RECURSION = YES;
				CLANG_WARN_INT_CONVERSION = YES;
				CLANG_WARN_NON_LITERAL_NULL_CONVERSION = YES;
				CLANG_WARN_OBJC_IMPLICIT_RETAIN_SELF = YES;
				CLANG_WARN_OBJC_LITERAL_CONVERSION = YES;
				CLANG_WARN_OBJC_ROOT_CLASS = YES_ERROR;
				CLANG_WARN_QUOTED_INCLUDE_IN_FRAMEWORK_HEADER = YES;
				CLANG_WARN_RANGE_LOOP_ANALYSIS = YES;
				CLANG_WARN_STRICT_PROTOTYPES = YES;
				CLANG_WARN_SUSPICIOUS_MOVE = YES;
				CLANG_WARN_UNGUARDED_AVAILABILITY = YES_AGGRESSIVE;
				CLANG_WARN_UNREACHABLE_CODE = YES;
				CLANG_WARN__DUPLICATE_METHOD_MATCH = YES;
				COPY_PHASE_STRIP = NO;
				DEBUG_INFORMATION_FORMAT = dwarf;
				ENABLE_STRICT_OBJC_MSGSEND = YES;
				ENABLE_TESTABILITY = YES;
				ENABLE_USER_SCRIPT_SANDBOXING = YES;
				GCC_C_LANGUAGE_STANDARD = gnu17;
				GCC_DYNAMIC_NO_PIC = NO;
				GCC_NO_COMMON_BLOCKS = YES;
				GCC_OPTIMIZATION_LEVEL = 0;
				GCC_PREPROCESSOR_DEFINITIONS = (
					"DEBUG=1",
					"$(inherited)",
				);
				GCC_WARN_64_TO_32_BIT_CONVERSION = YES;
				GCC_WARN_ABOUT_RETURN_TYPE = YES_ERROR;
				GCC_WARN_UNDECLARED_SELECTOR = YES;
				GCC_WARN_UNINITIALIZED_AUTOS = YES_AGGRESSIVE;
				GCC_WARN_UNUSED_FUNCTION = YES;
				GCC_WARN_UNUSED_VARIABLE = YES;
				IPHONEOS_DEPLOYMENT_TARGET = 17.5;
				LOCALIZATION_PREFERS_STRING_CATALOGS = YES;
				MTL_ENABLE_DEBUG_INFO = INCLUDE_SOURCE;
				MTL_FAST_MATH = YES;
				ONLY_ACTIVE_ARCH = YES;
				SDKROOT = iphoneos;
				SWIFT_ACTIVE_COMPILATION_CONDITIONS = "DEBUG $(inherited)";
				SWIFT_OPTIMIZATION_LEVEL = "-Onone";
			};
			name = Debug;
		};
		9DB323CA2CA0C1A6008ECAE9 /* Release */ = {
			isa = XCBuildConfiguration;
			buildSettings = {
				ALWAYS_SEARCH_USER_PATHS = NO;
				ASSETCATALOG_COMPILER_GENERATE_SWIFT_ASSET_SYMBOL_EXTENSIONS = YES;
				CLANG_ANALYZER_NONNULL = YES;
				CLANG_ANALYZER_NUMBER_OBJECT_CONVERSION = YES_AGGRESSIVE;
				CLANG_CXX_LANGUAGE_STANDARD = "gnu++20";
				CLANG_ENABLE_MODULES = YES;
				CLANG_ENABLE_OBJC_ARC = YES;
				CLANG_ENABLE_OBJC_WEAK = YES;
				CLANG_WARN_BLOCK_CAPTURE_AUTORELEASING = YES;
				CLANG_WARN_BOOL_CONVERSION = YES;
				CLANG_WARN_COMMA = YES;
				CLANG_WARN_CONSTANT_CONVERSION = YES;
				CLANG_WARN_DEPRECATED_OBJC_IMPLEMENTATIONS = YES;
				CLANG_WARN_DIRECT_OBJC_ISA_USAGE = YES_ERROR;
				CLANG_WARN_DOCUMENTATION_COMMENTS = YES;
				CLANG_WARN_EMPTY_BODY = YES;
				CLANG_WARN_ENUM_CONVERSION = YES;
				CLANG_WARN_INFINITE_RECURSION = YES;
				CLANG_WARN_INT_CONVERSION = YES;
				CLANG_WARN_NON_LITERAL_NULL_CONVERSION = YES;
				CLANG_WARN_OBJC_IMPLICIT_RETAIN_SELF = YES;
				CLANG_WARN_OBJC_LITERAL_CONVERSION = YES;
				CLANG_WARN_OBJC_ROOT_CLASS = YES_ERROR;
				CLANG_WARN_QUOTED_INCLUDE_IN_FRAMEWORK_HEADER = YES;
				CLANG_WARN_RANGE_LOOP_ANALYSIS = YES;
				CLANG_WARN_STRICT_PROTOTYPES = YES;
				CLANG_WARN_SUSPICIOUS_MOVE = YES;
				CLANG_WARN_UNGUARDED_AVAILABILITY = YES_AGGRESSIVE;
				CLANG_WARN_UNREACHABLE_CODE = YES;
				CLANG_WARN__DUPLICATE_METHOD_MATCH = YES;
				COPY_PHASE_STRIP = NO;
				DEBUG_INFORMATION_FORMAT = "dwarf-with-dsym";
				ENABLE_NS_ASSERTIONS = NO;
				ENABLE_STRICT_OBJC_MSGSEND = YES;
				ENABLE_USER_SCRIPT_SANDBOXING = YES;
				GCC_C_LANGUAGE_STANDARD = gnu17;
				GCC_NO_COMMON_BLOCKS = YES;
				GCC_WARN_64_TO_32_BIT_CONVERSION = YES;
				GCC_WARN_ABOUT_RETURN_TYPE = YES_ERROR;
				GCC_WARN_UNDECLARED_SELECTOR = YES;
				GCC_WARN_UNINITIALIZED_AUTOS = YES_AGGRESSIVE;
				GCC_WARN_UNUSED_FUNCTION = YES;
				GCC_WARN_UNUSED_VARIABLE = YES;
				IPHONEOS_DEPLOYMENT_TARGET = 17.5;
				LOCALIZATION_PREFERS_STRING_CATALOGS = YES;
				MTL_ENABLE_DEBUG_INFO = NO;
				MTL_FAST_MATH = YES;
				SDKROOT = iphoneos;
				SWIFT_COMPILATION_MODE = wholemodule;
				VALIDATE_PRODUCT = YES;
			};
			name = Release;
		};
		9DB323CC2CA0C1A6008ECAE9 /* Debug */ = {
			isa = XCBuildConfiguration;
			buildSettings = {
				ASSETCATALOG_COMPILER_APPICON_NAME = AppIcon;
				ASSETCATALOG_COMPILER_GLOBAL_ACCENT_COLOR_NAME = AccentColor;
				CODE_SIGN_STYLE = Automatic;
				CURRENT_PROJECT_VERSION = 1;
				DEVELOPMENT_TEAM = P9NXT375QP;
				GENERATE_INFOPLIST_FILE = YES;
				INFOPLIST_FILE = TipMemory/Info.plist;
				INFOPLIST_KEY_LSApplicationCategoryType = "public.app-category.travel";
				INFOPLIST_KEY_UIApplicationSupportsIndirectInputEvents = YES;
				INFOPLIST_KEY_UILaunchStoryboardName = LaunchScreen;
				INFOPLIST_KEY_UISupportedInterfaceOrientations = UIInterfaceOrientationPortrait;
				IPHONEOS_DEPLOYMENT_TARGET = 16.6;
				LD_RUNPATH_SEARCH_PATHS = (
					"$(inherited)",
					"@executable_path/Frameworks",
				);
				MARKETING_VERSION = 1.0;
				PRODUCT_BUNDLE_IDENTIFIER = com.jungguen.TipMemory;
				PRODUCT_NAME = "$(TARGET_NAME)";
				SUPPORTED_PLATFORMS = "iphoneos iphonesimulator";
				SUPPORTS_MACCATALYST = NO;
				SUPPORTS_MAC_DESIGNED_FOR_IPHONE_IPAD = NO;
				SUPPORTS_XR_DESIGNED_FOR_IPHONE_IPAD = NO;
				SWIFT_EMIT_LOC_STRINGS = YES;
				SWIFT_VERSION = 5.0;
				TARGETED_DEVICE_FAMILY = "1,2";
			};
			name = Debug;
		};
		9DB323CD2CA0C1A6008ECAE9 /* Release */ = {
			isa = XCBuildConfiguration;
			buildSettings = {
				ASSETCATALOG_COMPILER_APPICON_NAME = AppIcon;
				ASSETCATALOG_COMPILER_GLOBAL_ACCENT_COLOR_NAME = AccentColor;
				CODE_SIGN_STYLE = Automatic;
				CURRENT_PROJECT_VERSION = 1;
				DEVELOPMENT_TEAM = P9NXT375QP;
				GENERATE_INFOPLIST_FILE = YES;
				INFOPLIST_FILE = TipMemory/Info.plist;
				INFOPLIST_KEY_LSApplicationCategoryType = "public.app-category.travel";
				INFOPLIST_KEY_UIApplicationSupportsIndirectInputEvents = YES;
				INFOPLIST_KEY_UILaunchStoryboardName = LaunchScreen;
				INFOPLIST_KEY_UISupportedInterfaceOrientations = UIInterfaceOrientationPortrait;
				IPHONEOS_DEPLOYMENT_TARGET = 16.6;
				LD_RUNPATH_SEARCH_PATHS = (
					"$(inherited)",
					"@executable_path/Frameworks",
				);
				MARKETING_VERSION = 1.0;
				PRODUCT_BUNDLE_IDENTIFIER = com.jungguen.TipMemory;
				PRODUCT_NAME = "$(TARGET_NAME)";
				SUPPORTED_PLATFORMS = "iphoneos iphonesimulator";
				SUPPORTS_MACCATALYST = NO;
				SUPPORTS_MAC_DESIGNED_FOR_IPHONE_IPAD = NO;
				SUPPORTS_XR_DESIGNED_FOR_IPHONE_IPAD = NO;
				SWIFT_EMIT_LOC_STRINGS = YES;
				SWIFT_VERSION = 5.0;
				TARGETED_DEVICE_FAMILY = "1,2";
			};
			name = Release;
		};
		9DB323CF2CA0C1A6008ECAE9 /* Debug */ = {
			isa = XCBuildConfiguration;
			buildSettings = {
				BUNDLE_LOADER = "$(TEST_HOST)";
				CODE_SIGN_STYLE = Automatic;
				CURRENT_PROJECT_VERSION = 1;
				DEVELOPMENT_TEAM = P9NXT375QP;
				GENERATE_INFOPLIST_FILE = YES;
				IPHONEOS_DEPLOYMENT_TARGET = 17.5;
				MARKETING_VERSION = 1.0;
				PRODUCT_BUNDLE_IDENTIFIER = com.jungguen.TipMemoryTests;
				PRODUCT_NAME = "$(TARGET_NAME)";
				SWIFT_EMIT_LOC_STRINGS = NO;
				SWIFT_VERSION = 5.0;
				TARGETED_DEVICE_FAMILY = "1,2";
				TEST_HOST = "$(BUILT_PRODUCTS_DIR)/TipMemory.app/$(BUNDLE_EXECUTABLE_FOLDER_PATH)/TipMemory";
			};
			name = Debug;
		};
		9DB323D02CA0C1A6008ECAE9 /* Release */ = {
			isa = XCBuildConfiguration;
			buildSettings = {
				BUNDLE_LOADER = "$(TEST_HOST)";
				CODE_SIGN_STYLE = Automatic;
				CURRENT_PROJECT_VERSION = 1;
				DEVELOPMENT_TEAM = P9NXT375QP;
				GENERATE_INFOPLIST_FILE = YES;
				IPHONEOS_DEPLOYMENT_TARGET = 17.5;
				MARKETING_VERSION = 1.0;
				PRODUCT_BUNDLE_IDENTIFIER = com.jungguen.TipMemoryTests;
				PRODUCT_NAME = "$(TARGET_NAME)";
				SWIFT_EMIT_LOC_STRINGS = NO;
				SWIFT_VERSION = 5.0;
				TARGETED_DEVICE_FAMILY = "1,2";
				TEST_HOST = "$(BUILT_PRODUCTS_DIR)/TipMemory.app/$(BUNDLE_EXECUTABLE_FOLDER_PATH)/TipMemory";
			};
			name = Release;
		};
		9DB323D22CA0C1A6008ECAE9 /* Debug */ = {
			isa = XCBuildConfiguration;
			buildSettings = {
				CODE_SIGN_STYLE = Automatic;
				CURRENT_PROJECT_VERSION = 1;
				DEVELOPMENT_TEAM = P9NXT375QP;
				GENERATE_INFOPLIST_FILE = YES;
				MARKETING_VERSION = 1.0;
				PRODUCT_BUNDLE_IDENTIFIER = com.jungguen.TipMemoryUITests;
				PRODUCT_NAME = "$(TARGET_NAME)";
				SWIFT_EMIT_LOC_STRINGS = NO;
				SWIFT_VERSION = 5.0;
				TARGETED_DEVICE_FAMILY = "1,2";
				TEST_TARGET_NAME = TipMemory;
			};
			name = Debug;
		};
		9DB323D32CA0C1A6008ECAE9 /* Release */ = {
			isa = XCBuildConfiguration;
			buildSettings = {
				CODE_SIGN_STYLE = Automatic;
				CURRENT_PROJECT_VERSION = 1;
				DEVELOPMENT_TEAM = P9NXT375QP;
				GENERATE_INFOPLIST_FILE = YES;
				MARKETING_VERSION = 1.0;
				PRODUCT_BUNDLE_IDENTIFIER = com.jungguen.TipMemoryUITests;
				PRODUCT_NAME = "$(TARGET_NAME)";
				SWIFT_EMIT_LOC_STRINGS = NO;
				SWIFT_VERSION = 5.0;
				TARGETED_DEVICE_FAMILY = "1,2";
				TEST_TARGET_NAME = TipMemory;
			};
			name = Release;
		};
/* End XCBuildConfiguration section */

/* Begin XCConfigurationList section */
		9DB323992CA0C1A4008ECAE9 /* Build configuration list for PBXProject "TipMemory" */ = {
			isa = XCConfigurationList;
			buildConfigurations = (
				9DB323C92CA0C1A6008ECAE9 /* Debug */,
				9DB323CA2CA0C1A6008ECAE9 /* Release */,
			);
			defaultConfigurationIsVisible = 0;
			defaultConfigurationName = Release;
		};
		9DB323CB2CA0C1A6008ECAE9 /* Build configuration list for PBXNativeTarget "TipMemory" */ = {
			isa = XCConfigurationList;
			buildConfigurations = (
				9DB323CC2CA0C1A6008ECAE9 /* Debug */,
				9DB323CD2CA0C1A6008ECAE9 /* Release */,
			);
			defaultConfigurationIsVisible = 0;
			defaultConfigurationName = Release;
		};
		9DB323CE2CA0C1A6008ECAE9 /* Build configuration list for PBXNativeTarget "TipMemoryTests" */ = {
			isa = XCConfigurationList;
			buildConfigurations = (
				9DB323CF2CA0C1A6008ECAE9 /* Debug */,
				9DB323D02CA0C1A6008ECAE9 /* Release */,
			);
			defaultConfigurationIsVisible = 0;
			defaultConfigurationName = Release;
		};
		9DB323D12CA0C1A6008ECAE9 /* Build configuration list for PBXNativeTarget "TipMemoryUITests" */ = {
			isa = XCConfigurationList;
			buildConfigurations = (
				9DB323D22CA0C1A6008ECAE9 /* Debug */,
				9DB323D32CA0C1A6008ECAE9 /* Release */,
			);
			defaultConfigurationIsVisible = 0;
			defaultConfigurationName = Release;
		};
/* End XCConfigurationList section */

/* Begin XCRemoteSwiftPackageReference section */
		9D996E1A2CA59CC4009922FA /* XCRemoteSwiftPackageReference "SDWebImage" */ = {
			isa = XCRemoteSwiftPackageReference;
			repositoryURL = "https://github.com/SDWebImage/SDWebImage.git";
			requirement = {
				kind = upToNextMajorVersion;
				minimumVersion = 5.19.7;
			};
		};
/* End XCRemoteSwiftPackageReference section */

/* Begin XCSwiftPackageProductDependency section */
		9D996E1B2CA59CC4009922FA /* SDWebImage */ = {
			isa = XCSwiftPackageProductDependency;
			package = 9D996E1A2CA59CC4009922FA /* XCRemoteSwiftPackageReference "SDWebImage" */;
			productName = SDWebImage;
		};
		9D996E1D2CA59CC4009922FA /* SDWebImageMapKit */ = {
			isa = XCSwiftPackageProductDependency;
			package = 9D996E1A2CA59CC4009922FA /* XCRemoteSwiftPackageReference "SDWebImage" */;
			productName = SDWebImageMapKit;
		};
		9DD332E92CAA3A52004F1F77 /* SDWebImage */ = {
			isa = XCSwiftPackageProductDependency;
			package = 9D996E1A2CA59CC4009922FA /* XCRemoteSwiftPackageReference "SDWebImage" */;
			productName = SDWebImage;
		};
		9DD332EB2CAA3A52004F1F77 /* SDWebImageMapKit */ = {
			isa = XCSwiftPackageProductDependency;
			package = 9D996E1A2CA59CC4009922FA /* XCRemoteSwiftPackageReference "SDWebImage" */;
			productName = SDWebImageMapKit;
		};
/* End XCSwiftPackageProductDependency section */

/* Begin XCVersionGroup section */
		9DB323AA2CA0C1A4008ECAE9 /* TipMemory.xcdatamodeld */ = {
			isa = XCVersionGroup;
			children = (
				9DB323AB2CA0C1A4008ECAE9 /* TipMemory.xcdatamodel */,
			);
			currentVersion = 9DB323AB2CA0C1A4008ECAE9 /* TipMemory.xcdatamodel */;
			path = TipMemory.xcdatamodeld;
			sourceTree = "<group>";
			versionGroupType = wrapper.xcdatamodel;
		};
/* End XCVersionGroup section */
	};
	rootObject = 9DB323962CA0C1A4008ECAE9 /* Project object */;
}
