// !$*UTF8*$!
{
	archiveVersion = 1;
	classes = {
	};
	objectVersion = 56;
	objects = {

/* Begin PBXBuildFile section */
		9DB323A22CA0C1A4008ECAE9 /* AppDelegate.swift in Sources */ = {isa = PBXBuildFile; fileRef = 9DB323A12CA0C1A4008ECAE9 /* AppDelegate.swift */; };
		9DB323A42CA0C1A4008ECAE9 /* SceneDelegate.swift in Sources */ = {isa = PBXBuildFile; fileRef = 9DB323A32CA0C1A4008ECAE9 /* SceneDelegate.swift */; };
		9DB323A62CA0C1A4008ECAE9 /* ViewController.swift in Sources */ = {isa = PBXBuildFile; fileRef = 9DB323A52CA0C1A4008ECAE9 /* ViewController.swift */; };
		9DB323A92CA0C1A4008ECAE9 /* Base in Resources */ = {isa = PBXBuildFile; fileRef = 9DB323A82CA0C1A4008ECAE9 /* Base */; };
		9DB323AC2CA0C1A4008ECAE9 /* TipMemory.xcdatamodeld in Sources */ = {isa = PBXBuildFile; fileRef = 9DB323AA2CA0C1A4008ECAE9 /* TipMemory.xcdatamodeld */; };
		9DB323AE2CA0C1A6008ECAE9 /* Assets.xcassets in Resources */ = {isa = PBXBuildFile; fileRef = 9DB323AD2CA0C1A6008ECAE9 /* Assets.xcassets */; };
		9DB323B12CA0C1A6008ECAE9 /* Base in Resources */ = {isa = PBXBuildFile; fileRef = 9DB323B02CA0C1A6008ECAE9 /* Base */; };
		9DB323BC2CA0C1A6008ECAE9 /* TipMemoryTests.swift in Sources */ = {isa = PBXBuildFile; fileRef = 9DB323BB2CA0C1A6008ECAE9 /* TipMemoryTests.swift */; };
		9DB323C62CA0C1A6008ECAE9 /* TipMemoryUITests.swift in Sources */ = {isa = PBXBuildFile; fileRef = 9DB323C52CA0C1A6008ECAE9 /* TipMemoryUITests.swift */; };
		9DB323C82CA0C1A6008ECAE9 /* TipMemoryUITestsLaunchTests.swift in Sources */ = {isa = PBXBuildFile; fileRef = 9DB323C72CA0C1A6008ECAE9 /* TipMemoryUITestsLaunchTests.swift */; };
/* End PBXBuildFile section */

/* Begin PBXContainerItemProxy section */
		9DB323B82CA0C1A6008ECAE9 /* PBXContainerItemProxy */ = {
			isa = PBXContainerItemProxy;
			containerPortal = 9DB323962CA0C1A4008ECAE9 /* Project object */;
			proxyType = 1;
			remoteGlobalIDString = 9DB3239D2CA0C1A4008ECAE9;
			remoteInfo = TipMemory;
		};
		9DB323C22CA0C1A6008ECAE9 /* PBXContainerItemProxy */ = {
			isa = PBXContainerItemProxy;
			containerPortal = 9DB323962CA0C1A4008ECAE9 /* Project object */;
			proxyType = 1;
			remoteGlobalIDString = 9DB3239D2CA0C1A4008ECAE9;
			remoteInfo = TipMemory;
		};
/* End PBXContainerItemProxy section */

/* Begin PBXFileReference section */
		9DB3239E2CA0C1A4008ECAE9 /* TipMemory.app */ = {isa = PBXFileReference; explicitFileType = wrapper.application; includeInIndex = 0; path = TipMemory.app; sourceTree = BUILT_PRODUCTS_DIR; };
		9DB323A12CA0C1A4008ECAE9 /* AppDelegate.swift */ = {isa = PBXFileReference; lastKnownFileType = sourcecode.swift; path = AppDelegate.swift; sourceTree = "<group>"; };
		9DB323A32CA0C1A4008ECAE9 /* SceneDelegate.swift */ = {isa = PBXFileReference; lastKnownFileType = sourcecode.swift; path = SceneDelegate.swift; sourceTree = "<group>"; };
		9DB323A52CA0C1A4008ECAE9 /* ViewController.swift */ = {isa = PBXFileReference; lastKnownFileType = sourcecode.swift; path = ViewController.swift; sourceTree = "<group>"; };
		9DB323A82CA0C1A4008ECAE9 /* Base */ = {isa = PBXFileReference; lastKnownFileType = file.storyboard; name = Base; path = Base.lproj/Main.storyboard; sourceTree = "<group>"; };
		9DB323AB2CA0C1A4008ECAE9 /* TipMemory.xcdatamodel */ = {isa = PBXFileReference; lastKnownFileType = wrapper.xcdatamodel; path = TipMemory.xcdatamodel; sourceTree = "<group>"; };
		9DB323AD2CA0C1A6008ECAE9 /* Assets.xcassets */ = {isa = PBXFileReference; lastKnownFileType = folder.assetcatalog; path = Assets.xcassets; sourceTree = "<group>"; };
		9DB323B02CA0C1A6008ECAE9 /* Base */ = {isa = PBXFileReference; lastKnownFileType = file.storyboard; name = Base; path = Base.lproj/LaunchScreen.storyboard; sourceTree = "<group>"; };
		9DB323B22CA0C1A6008ECAE9 /* Info.plist */ = {isa = PBXFileReference; lastKnownFileType = text.plist.xml; path = Info.plist; sourceTree = "<group>"; };
		9DB323B72CA0C1A6008ECAE9 /* TipMemoryTests.xctest */ = {isa = PBXFileReference; explicitFileType = wrapper.cfbundle; includeInIndex = 0; path = TipMemoryTests.xctest; sourceTree = BUILT_PRODUCTS_DIR; };
		9DB323BB2CA0C1A6008ECAE9 /* TipMemoryTests.swift */ = {isa = PBXFileReference; lastKnownFileType = sourcecode.swift; path = TipMemoryTests.swift; sourceTree = "<group>"; };
		9DB323C12CA0C1A6008ECAE9 /* TipMemoryUITests.xctest */ = {isa = PBXFileReference; explicitFileType = wrapper.cfbundle; includeInIndex = 0; path = TipMemoryUITests.xctest; sourceTree = BUILT_PRODUCTS_DIR; };
		9DB323C52CA0C1A6008ECAE9 /* TipMemoryUITests.swift */ = {isa = PBXFileReference; lastKnownFileType = sourcecode.swift; path = TipMemoryUITests.swift; sourceTree = "<group>"; };
		9DB323C72CA0C1A6008ECAE9 /* TipMemoryUITestsLaunchTests.swift */ = {isa = PBXFileReference; lastKnownFileType = sourcecode.swift; path = TipMemoryUITestsLaunchTests.swift; sourceTree = "<group>"; };
/* End PBXFileReference section */

/* Begin PBXFrameworksBuildPhase section */
		9DB3239B2CA0C1A4008ECAE9 /* Frameworks */ = {
			isa = PBXFrameworksBuildPhase;
			buildActionMask = 2147483647;
			files = (
			);
			runOnlyForDeploymentPostprocessing = 0;
		};
		9DB323B42CA0C1A6008ECAE9 /* Frameworks */ = {
			isa = PBXFrameworksBuildPhase;
			buildActionMask = 2147483647;
			files = (
			);
			runOnlyForDeploymentPostprocessing = 0;
		};
		9DB323BE2CA0C1A6008ECAE9 /* Frameworks */ = {
			isa = PBXFrameworksBuildPhase;
			buildActionMask = 2147483647;
			files = (
			);
			runOnlyForDeploymentPostprocessing = 0;
		};
/* End PBXFrameworksBuildPhase section */

/* Begin PBXGroup section */
		9DB323952CA0C1A4008ECAE9 = {
			isa = PBXGroup;
			children = (
				9DB323A02CA0C1A4008ECAE9 /* TipMemory */,
				9DB323BA2CA0C1A6008ECAE9 /* TipMemoryTests */,
				9DB323C42CA0C1A6008ECAE9 /* TipMemoryUITests */,
				9DB3239F2CA0C1A4008ECAE9 /* Products */,
			);
			sourceTree = "<group>";
		};
		9DB3239F2CA0C1A4008ECAE9 /* Products */ = {
			isa = PBXGroup;
			children = (
				9DB3239E2CA0C1A4008ECAE9 /* TipMemory.app */,
				9DB323B72CA0C1A6008ECAE9 /* TipMemoryTests.xctest */,
				9DB323C12CA0C1A6008ECAE9 /* TipMemoryUITests.xctest */,
			);
			name = Products;
			sourceTree = "<group>";
		};
		9DB323A02CA0C1A4008ECAE9 /* TipMemory */ = {
			isa = PBXGroup;
			children = (
				9DB323A12CA0C1A4008ECAE9 /* AppDelegate.swift */,
				9DB323A32CA0C1A4008ECAE9 /* SceneDelegate.swift */,
				9DB323A52CA0C1A4008ECAE9 /* ViewController.swift */,
				9DB323A72CA0C1A4008ECAE9 /* Main.storyboard */,
				9DB323AD2CA0C1A6008ECAE9 /* Assets.xcassets */,
				9DB323AF2CA0C1A6008ECAE9 /* LaunchScreen.storyboard */,
				9DB323B22CA0C1A6008ECAE9 /* Info.plist */,
				9DB323AA2CA0C1A4008ECAE9 /* TipMemory.xcdatamodeld */,
			);
			path = TipMemory;
			sourceTree = "<group>";
		};
		9DB323BA2CA0C1A6008ECAE9 /* TipMemoryTests */ = {
			isa = PBXGroup;
			children = (
				9DB323BB2CA0C1A6008ECAE9 /* TipMemoryTests.swift */,
			);
			path = TipMemoryTests;
			sourceTree = "<group>";
		};
		9DB323C42CA0C1A6008ECAE9 /* TipMemoryUITests */ = {
			isa = PBXGroup;
			children = (
				9DB323C52CA0C1A6008ECAE9 /* TipMemoryUITests.swift */,
				9DB323C72CA0C1A6008ECAE9 /* TipMemoryUITestsLaunchTests.swift */,
			);
			path = TipMemoryUITests;
			sourceTree = "<group>";
		};
/* End PBXGroup section */

/* Begin PBXNativeTarget section */
		9DB3239D2CA0C1A4008ECAE9 /* TipMemory */ = {
			isa = PBXNativeTarget;
			buildConfigurationList = 9DB323CB2CA0C1A6008ECAE9 /* Build configuration list for PBXNativeTarget "TipMemory" */;
			buildPhases = (
				9DB3239A2CA0C1A4008ECAE9 /* Sources */,
				9DB3239B2CA0C1A4008ECAE9 /* Frameworks */,
				9DB3239C2CA0C1A4008ECAE9 /* Resources */,
			);
			buildRules = (
			);
			dependencies = (
			);
			name = TipMemory;
			productName = TipMemory;
			productReference = 9DB3239E2CA0C1A4008ECAE9 /* TipMemory.app */;
			productType = "com.apple.product-type.application";
		};
		9DB323B62CA0C1A6008ECAE9 /* TipMemoryTests */ = {
			isa = PBXNativeTarget;
			buildConfigurationList = 9DB323CE2CA0C1A6008ECAE9 /* Build configuration list for PBXNativeTarget "TipMemoryTests" */;
			buildPhases = (
				9DB323B32CA0C1A6008ECAE9 /* Sources */,
				9DB323B42CA0C1A6008ECAE9 /* Frameworks */,
				9DB323B52CA0C1A6008ECAE9 /* Resources */,
			);
			buildRules = (
			);
			dependencies = (
				9DB323B92CA0C1A6008ECAE9 /* PBXTargetDependency */,
			);
			name = TipMemoryTests;
			productName = TipMemoryTests;
			productReference = 9DB323B72CA0C1A6008ECAE9 /* TipMemoryTests.xctest */;
			productType = "com.apple.product-type.bundle.unit-test";
		};
		9DB323C02CA0C1A6008ECAE9 /* TipMemoryUITests */ = {
			isa = PBXNativeTarget;
			buildConfigurationList = 9DB323D12CA0C1A6008ECAE9 /* Build configuration list for PBXNativeTarget "TipMemoryUITests" */;
			buildPhases = (
				9DB323BD2CA0C1A6008ECAE9 /* Sources */,
				9DB323BE2CA0C1A6008ECAE9 /* Frameworks */,
				9DB323BF2CA0C1A6008ECAE9 /* Resources */,
			);
			buildRules = (
			);
			dependencies = (
				9DB323C32CA0C1A6008ECAE9 /* PBXTargetDependency */,
			);
			name = TipMemoryUITests;
			productName = TipMemoryUITests;
			productReference = 9DB323C12CA0C1A6008ECAE9 /* TipMemoryUITests.xctest */;
			productType = "com.apple.product-type.bundle.ui-testing";
		};
/* End PBXNativeTarget section */

/* Begin PBXProject section */
		9DB323962CA0C1A4008ECAE9 /* Project object */ = {
			isa = PBXProject;
			attributes = {
				BuildIndependentTargetsInParallel = 1;
				LastSwiftUpdateCheck = 1540;
				LastUpgradeCheck = 1540;
				TargetAttributes = {
					9DB3239D2CA0C1A4008ECAE9 = {
						CreatedOnToolsVersion = 15.4;
					};
					9DB323B62CA0C1A6008ECAE9 = {
						CreatedOnToolsVersion = 15.4;
						TestTargetID = 9DB3239D2CA0C1A4008ECAE9;
					};
					9DB323C02CA0C1A6008ECAE9 = {
						CreatedOnToolsVersion = 15.4;
						TestTargetID = 9DB3239D2CA0C1A4008ECAE9;
					};
				};
			};
			buildConfigurationList = 9DB323992CA0C1A4008ECAE9 /* Build configuration list for PBXProject "TipMemory" */;
			compatibilityVersion = "Xcode 14.0";
			developmentRegion = en;
			hasScannedForEncodings = 0;
			knownRegions = (
				en,
				Base,
			);
			mainGroup = 9DB323952CA0C1A4008ECAE9;
			productRefGroup = 9DB3239F2CA0C1A4008ECAE9 /* Products */;
			projectDirPath = "";
			projectRoot = "";
			targets = (
				9DB3239D2CA0C1A4008ECAE9 /* TipMemory */,
				9DB323B62CA0C1A6008ECAE9 /* TipMemoryTests */,
				9DB323C02CA0C1A6008ECAE9 /* TipMemoryUITests */,
			);
		};
/* End PBXProject section */

/* Begin PBXResourcesBuildPhase section */
		9DB3239C2CA0C1A4008ECAE9 /* Resources */ = {
			isa = PBXResourcesBuildPhase;
			buildActionMask = 2147483647;
			files = (
				9DB323AE2CA0C1A6008ECAE9 /* Assets.xcassets in Resources */,
				9DB323B12CA0C1A6008ECAE9 /* Base in Resources */,
				9DB323A92CA0C1A4008ECAE9 /* Base in Resources */,
			);
			runOnlyForDeploymentPostprocessing = 0;
		};
		9DB323B52CA0C1A6008ECAE9 /* Resources */ = {
			isa = PBXResourcesBuildPhase;
			buildActionMask = 2147483647;
			files = (
			);
			runOnlyForDeploymentPostprocessing = 0;
		};
		9DB323BF2CA0C1A6008ECAE9 /* Resources */ = {
			isa = PBXResourcesBuildPhase;
			buildActionMask = 2147483647;
			files = (
			);
			runOnlyForDeploymentPostprocessing = 0;
		};
/* End PBXResourcesBuildPhase section */

/* Begin PBXSourcesBuildPhase section */
		9DB3239A2CA0C1A4008ECAE9 /* Sources */ = {
			isa = PBXSourcesBuildPhase;
			buildActionMask = 2147483647;
			files = (
				9DB323AC2CA0C1A4008ECAE9 /* TipMemory.xcdatamodeld in Sources */,
				9DB323A62CA0C1A4008ECAE9 /* ViewController.swift in Sources */,
				9DB323A22CA0C1A4008ECAE9 /* AppDelegate.swift in Sources */,
				9DB323A42CA0C1A4008ECAE9 /* SceneDelegate.swift in Sources */,
			);
			runOnlyForDeploymentPostprocessing = 0;
		};
		9DB323B32CA0C1A6008ECAE9 /* Sources */ = {
			isa = PBXSourcesBuildPhase;
			buildActionMask = 2147483647;
			files = (
				9DB323BC2CA0C1A6008ECAE9 /* TipMemoryTests.swift in Sources */,
			);
			runOnlyForDeploymentPostprocessing = 0;
		};
		9DB323BD2CA0C1A6008ECAE9 /* Sources */ = {
			isa = PBXSourcesBuildPhase;
			buildActionMask = 2147483647;
			files = (
				9DB323C62CA0C1A6008ECAE9 /* TipMemoryUITests.swift in Sources */,
				9DB323C82CA0C1A6008ECAE9 /* TipMemoryUITestsLaunchTests.swift in Sources */,
			);
			runOnlyForDeploymentPostprocessing = 0;
		};
/* End PBXSourcesBuildPhase section */

/* Begin PBXTargetDependency section */
		9DB323B92CA0C1A6008ECAE9 /* PBXTargetDependency */ = {
			isa = PBXTargetDependency;
			target = 9DB3239D2CA0C1A4008ECAE9 /* TipMemory */;
			targetProxy = 9DB323B82CA0C1A6008ECAE9 /* PBXContainerItemProxy */;
		};
		9DB323C32CA0C1A6008ECAE9 /* PBXTargetDependency */ = {
			isa = PBXTargetDependency;
			target = 9DB3239D2CA0C1A4008ECAE9 /* TipMemory */;
			targetProxy = 9DB323C22CA0C1A6008ECAE9 /* PBXContainerItemProxy */;
		};
/* End PBXTargetDependency section */

/* Begin PBXVariantGroup section */
		9DB323A72CA0C1A4008ECAE9 /* Main.storyboard */ = {
			isa = PBXVariantGroup;
			children = (
				9DB323A82CA0C1A4008ECAE9 /* Base */,
			);
			name = Main.storyboard;
			sourceTree = "<group>";
		};
		9DB323AF2CA0C1A6008ECAE9 /* LaunchScreen.storyboard */ = {
			isa = PBXVariantGroup;
			children = (
				9DB323B02CA0C1A6008ECAE9 /* Base */,
			);
			name = LaunchScreen.storyboard;
			sourceTree = "<group>";
		};
/* End PBXVariantGroup section */

/* Begin XCBuildConfiguration section */
		9DB323C92CA0C1A6008ECAE9 /* Debug */ = {
			isa = XCBuildConfiguration;
			buildSettings = {
				ALWAYS_SEARCH_USER_PATHS = NO;
				ASSETCATALOG_COMPILER_GENERATE_SWIFT_ASSET_SYMBOL_EXTENSIONS = YES;
				CLANG_ANALYZER_NONNULL = YES;
				CLANG_ANALYZER_NUMBER_OBJECT_CONVERSION = YES_AGGRESSIVE;
				CLANG_CXX_LANGUAGE_STANDARD = "gnu++20";
				CLANG_ENABLE_MODULES = YES;
				CLANG_ENABLE_OBJC_ARC = YES;
				CLANG_ENABLE_OBJC_WEAK = YES;
				CLANG_WARN_BLOCK_CAPTURE_AUTORELEASING = YES;
				CLANG_WARN_BOOL_CONVERSION = YES;
				CLANG_WARN_COMMA = YES;
				CLANG_WARN_CONSTANT_CONVERSION = YES;
				CLANG_WARN_DEPRECATED_OBJC_IMPLEMENTATIONS = YES;
				CLANG_WARN_DIRECT_OBJC_ISA_USAGE = YES_ERROR;
				CLANG_WARN_DOCUMENTATION_COMMENTS = YES;
				CLANG_WARN_EMPTY_BODY = YES;
				CLANG_WARN_ENUM_CONVERSION = YES;
				CLANG_WARN_INFINITE_RECURSION = YES;
				CLANG_WARN_INT_CONVERSION = YES;
				CLANG_WARN_NON_LITERAL_NULL_CONVERSION = YES;
				CLANG_WARN_OBJC_IMPLICIT_RETAIN_SELF = YES;
				CLANG_WARN_OBJC_LITERAL_CONVERSION = YES;
				CLANG_WARN_OBJC_ROOT_CLASS = YES_ERROR;
				CLANG_WARN_QUOTED_INCLUDE_IN_FRAMEWORK_HEADER = YES;
				CLANG_WARN_RANGE_LOOP_ANALYSIS = YES;
				CLANG_WARN_STRICT_PROTOTYPES = YES;
				CLANG_WARN_SUSPICIOUS_MOVE = YES;
				CLANG_WARN_UNGUARDED_AVAILABILITY = YES_AGGRESSIVE;
				CLANG_WARN_UNREACHABLE_CODE = YES;
				CLANG_WARN__DUPLICATE_METHOD_MATCH = YES;
				COPY_PHASE_STRIP = NO;
				DEBUG_INFORMATION_FORMAT = dwarf;
				ENABLE_STRICT_OBJC_MSGSEND = YES;
				ENABLE_TESTABILITY = YES;
				ENABLE_USER_SCRIPT_SANDBOXING = YES;
				GCC_C_LANGUAGE_STANDARD = gnu17;
				GCC_DYNAMIC_NO_PIC = NO;
				GCC_NO_COMMON_BLOCKS = YES;
				GCC_OPTIMIZATION_LEVEL = 0;
				GCC_PREPROCESSOR_DEFINITIONS = (
					"DEBUG=1",
					"$(inherited)",
				);
				GCC_WARN_64_TO_32_BIT_CONVERSION = YES;
				GCC_WARN_ABOUT_RETURN_TYPE = YES_ERROR;
				GCC_WARN_UNDECLARED_SELECTOR = YES;
				GCC_WARN_UNINITIALIZED_AUTOS = YES_AGGRESSIVE;
				GCC_WARN_UNUSED_FUNCTION = YES;
				GCC_WARN_UNUSED_VARIABLE = YES;
				IPHONEOS_DEPLOYMENT_TARGET = 17.5;
				LOCALIZATION_PREFERS_STRING_CATALOGS = YES;
				MTL_ENABLE_DEBUG_INFO = INCLUDE_SOURCE;
				MTL_FAST_MATH = YES;
				ONLY_ACTIVE_ARCH = YES;
				SDKROOT = iphoneos;
				SWIFT_ACTIVE_COMPILATION_CONDITIONS = "DEBUG $(inherited)";
				SWIFT_OPTIMIZATION_LEVEL = "-Onone";
			};
			name = Debug;
		};
		9DB323CA2CA0C1A6008ECAE9 /* Release */ = {
			isa = XCBuildConfiguration;
			buildSettings = {
				ALWAYS_SEARCH_USER_PATHS = NO;
				ASSETCATALOG_COMPILER_GENERATE_SWIFT_ASSET_SYMBOL_EXTENSIONS = YES;
				CLANG_ANALYZER_NONNULL = YES;
				CLANG_ANALYZER_NUMBER_OBJECT_CONVERSION = YES_AGGRESSIVE;
				CLANG_CXX_LANGUAGE_STANDARD = "gnu++20";
				CLANG_ENABLE_MODULES = YES;
				CLANG_ENABLE_OBJC_ARC = YES;
				CLANG_ENABLE_OBJC_WEAK = YES;
				CLANG_WARN_BLOCK_CAPTURE_AUTORELEASING = YES;
				CLANG_WARN_BOOL_CONVERSION = YES;
				CLANG_WARN_COMMA = YES;
				CLANG_WARN_CONSTANT_CONVERSION = YES;
				CLANG_WARN_DEPRECATED_OBJC_IMPLEMENTATIONS = YES;
				CLANG_WARN_DIRECT_OBJC_ISA_USAGE = YES_ERROR;
				CLANG_WARN_DOCUMENTATION_COMMENTS = YES;
				CLANG_WARN_EMPTY_BODY = YES;
				CLANG_WARN_ENUM_CONVERSION = YES;
				CLANG_WARN_INFINITE_RECURSION = YES;
				CLANG_WARN_INT_CONVERSION = YES;
				CLANG_WARN_NON_LITERAL_NULL_CONVERSION = YES;
				CLANG_WARN_OBJC_IMPLICIT_RETAIN_SELF = YES;
				CLANG_WARN_OBJC_LITERAL_CONVERSION = YES;
				CLANG_WARN_OBJC_ROOT_CLASS = YES_ERROR;
				CLANG_WARN_QUOTED_INCLUDE_IN_FRAMEWORK_HEADER = YES;
				CLANG_WARN_RANGE_LOOP_ANALYSIS = YES;
				CLANG_WARN_STRICT_PROTOTYPES = YES;
				CLANG_WARN_SUSPICIOUS_MOVE = YES;
				CLANG_WARN_UNGUARDED_AVAILABILITY = YES_AGGRESSIVE;
				CLANG_WARN_UNREACHABLE_CODE = YES;
				CLANG_WARN__DUPLICATE_METHOD_MATCH = YES;
				COPY_PHASE_STRIP = NO;
				DEBUG_INFORMATION_FORMAT = "dwarf-with-dsym";
				ENABLE_NS_ASSERTIONS = NO;
				ENABLE_STRICT_OBJC_MSGSEND = YES;
				ENABLE_USER_SCRIPT_SANDBOXING = YES;
				GCC_C_LANGUAGE_STANDARD = gnu17;
				GCC_NO_COMMON_BLOCKS = YES;
				GCC_WARN_64_TO_32_BIT_CONVERSION = YES;
				GCC_WARN_ABOUT_RETURN_TYPE = YES_ERROR;
				GCC_WARN_UNDECLARED_SELECTOR = YES;
				GCC_WARN_UNINITIALIZED_AUTOS = YES_AGGRESSIVE;
				GCC_WARN_UNUSED_FUNCTION = YES;
				GCC_WARN_UNUSED_VARIABLE = YES;
				IPHONEOS_DEPLOYMENT_TARGET = 17.5;
				LOCALIZATION_PREFERS_STRING_CATALOGS = YES;
				MTL_ENABLE_DEBUG_INFO = NO;
				MTL_FAST_MATH = YES;
				SDKROOT = iphoneos;
				SWIFT_COMPILATION_MODE = wholemodule;
				VALIDATE_PRODUCT = YES;
			};
			name = Release;
		};
		9DB323CC2CA0C1A6008ECAE9 /* Debug */ = {
			isa = XCBuildConfiguration;
			buildSettings = {
				ASSETCATALOG_COMPILER_APPICON_NAME = AppIcon;
				ASSETCATALOG_COMPILER_GLOBAL_ACCENT_COLOR_NAME = AccentColor;
				CODE_SIGN_STYLE = Automatic;
				CURRENT_PROJECT_VERSION = 1;
				DEVELOPMENT_TEAM = P9NXT375QP;
				GENERATE_INFOPLIST_FILE = YES;
				INFOPLIST_FILE = TipMemory/Info.plist;
				INFOPLIST_KEY_LSApplicationCategoryType = "public.app-category.travel";
				INFOPLIST_KEY_UIApplicationSupportsIndirectInputEvents = YES;
				INFOPLIST_KEY_UILaunchStoryboardName = LaunchScreen;
				INFOPLIST_KEY_UIMainStoryboardFile = Main;
				INFOPLIST_KEY_UISupportedInterfaceOrientations = UIInterfaceOrientationPortrait;
				IPHONEOS_DEPLOYMENT_TARGET = 17.0;
				LD_RUNPATH_SEARCH_PATHS = (
					"$(inherited)",
					"@executable_path/Frameworks",
				);
				MARKETING_VERSION = 1.0;
				PRODUCT_BUNDLE_IDENTIFIER = com.jungguen.TipMemory;
				PRODUCT_NAME = "$(TARGET_NAME)";
				SUPPORTED_PLATFORMS = "iphoneos iphonesimulator";
				SUPPORTS_MACCATALYST = NO;
				SUPPORTS_MAC_DESIGNED_FOR_IPHONE_IPAD = NO;
				SUPPORTS_XR_DESIGNED_FOR_IPHONE_IPAD = NO;
				SWIFT_EMIT_LOC_STRINGS = YES;
				SWIFT_VERSION = 5.0;
				TARGETED_DEVICE_FAMILY = "1,2";
			};
			name = Debug;
		};
		9DB323CD2CA0C1A6008ECAE9 /* Release */ = {
			isa = XCBuildConfiguration;
			buildSettings = {
				ASSETCATALOG_COMPILER_APPICON_NAME = AppIcon;
				ASSETCATALOG_COMPILER_GLOBAL_ACCENT_COLOR_NAME = AccentColor;
				CODE_SIGN_STYLE = Automatic;
				CURRENT_PROJECT_VERSION = 1;
				DEVELOPMENT_TEAM = P9NXT375QP;
				GENERATE_INFOPLIST_FILE = YES;
				INFOPLIST_FILE = TipMemory/Info.plist;
				INFOPLIST_KEY_LSApplicationCategoryType = "public.app-category.travel";
				INFOPLIST_KEY_UIApplicationSupportsIndirectInputEvents = YES;
				INFOPLIST_KEY_UILaunchStoryboardName = LaunchScreen;
				INFOPLIST_KEY_UIMainStoryboardFile = Main;
				INFOPLIST_KEY_UISupportedInterfaceOrientations = UIInterfaceOrientationPortrait;
				IPHONEOS_DEPLOYMENT_TARGET = 17.0;
				LD_RUNPATH_SEARCH_PATHS = (
					"$(inherited)",
					"@executable_path/Frameworks",
				);
				MARKETING_VERSION = 1.0;
				PRODUCT_BUNDLE_IDENTIFIER = com.jungguen.TipMemory;
				PRODUCT_NAME = "$(TARGET_NAME)";
				SUPPORTED_PLATFORMS = "iphoneos iphonesimulator";
				SUPPORTS_MACCATALYST = NO;
				SUPPORTS_MAC_DESIGNED_FOR_IPHONE_IPAD = NO;
				SUPPORTS_XR_DESIGNED_FOR_IPHONE_IPAD = NO;
				SWIFT_EMIT_LOC_STRINGS = YES;
				SWIFT_VERSION = 5.0;
				TARGETED_DEVICE_FAMILY = "1,2";
			};
			name = Release;
		};
		9DB323CF2CA0C1A6008ECAE9 /* Debug */ = {
			isa = XCBuildConfiguration;
			buildSettings = {
				ALWAYS_EMBED_SWIFT_STANDARD_LIBRARIES = YES;
				BUNDLE_LOADER = "$(TEST_HOST)";
				CODE_SIGN_STYLE = Automatic;
				CURRENT_PROJECT_VERSION = 1;
				DEVELOPMENT_TEAM = P9NXT375QP;
				GENERATE_INFOPLIST_FILE = YES;
				IPHONEOS_DEPLOYMENT_TARGET = 17.5;
				MARKETING_VERSION = 1.0;
				PRODUCT_BUNDLE_IDENTIFIER = com.jungguen.TipMemoryTests;
				PRODUCT_NAME = "$(TARGET_NAME)";
				SWIFT_EMIT_LOC_STRINGS = NO;
				SWIFT_VERSION = 5.0;
				TARGETED_DEVICE_FAMILY = "1,2";
				TEST_HOST = "$(BUILT_PRODUCTS_DIR)/TipMemory.app/$(BUNDLE_EXECUTABLE_FOLDER_PATH)/TipMemory";
			};
			name = Debug;
		};
		9DB323D02CA0C1A6008ECAE9 /* Release */ = {
			isa = XCBuildConfiguration;
			buildSettings = {
				ALWAYS_EMBED_SWIFT_STANDARD_LIBRARIES = YES;
				BUNDLE_LOADER = "$(TEST_HOST)";
				CODE_SIGN_STYLE = Automatic;
				CURRENT_PROJECT_VERSION = 1;
				DEVELOPMENT_TEAM = P9NXT375QP;
				GENERATE_INFOPLIST_FILE = YES;
				IPHONEOS_DEPLOYMENT_TARGET = 17.5;
				MARKETING_VERSION = 1.0;
				PRODUCT_BUNDLE_IDENTIFIER = com.jungguen.TipMemoryTests;
				PRODUCT_NAME = "$(TARGET_NAME)";
				SWIFT_EMIT_LOC_STRINGS = NO;
				SWIFT_VERSION = 5.0;
				TARGETED_DEVICE_FAMILY = "1,2";
				TEST_HOST = "$(BUILT_PRODUCTS_DIR)/TipMemory.app/$(BUNDLE_EXECUTABLE_FOLDER_PATH)/TipMemory";
			};
			name = Release;
		};
		9DB323D22CA0C1A6008ECAE9 /* Debug */ = {
			isa = XCBuildConfiguration;
			buildSettings = {
				ALWAYS_EMBED_SWIFT_STANDARD_LIBRARIES = YES;
				CODE_SIGN_STYLE = Automatic;
				CURRENT_PROJECT_VERSION = 1;
				DEVELOPMENT_TEAM = P9NXT375QP;
				GENERATE_INFOPLIST_FILE = YES;
				MARKETING_VERSION = 1.0;
				PRODUCT_BUNDLE_IDENTIFIER = com.jungguen.TipMemoryUITests;
				PRODUCT_NAME = "$(TARGET_NAME)";
				SWIFT_EMIT_LOC_STRINGS = NO;
				SWIFT_VERSION = 5.0;
				TARGETED_DEVICE_FAMILY = "1,2";
				TEST_TARGET_NAME = TipMemory;
			};
			name = Debug;
		};
		9DB323D32CA0C1A6008ECAE9 /* Release */ = {
			isa = XCBuildConfiguration;
			buildSettings = {
				ALWAYS_EMBED_SWIFT_STANDARD_LIBRARIES = YES;
				CODE_SIGN_STYLE = Automatic;
				CURRENT_PROJECT_VERSION = 1;
				DEVELOPMENT_TEAM = P9NXT375QP;
				GENERATE_INFOPLIST_FILE = YES;
				MARKETING_VERSION = 1.0;
				PRODUCT_BUNDLE_IDENTIFIER = com.jungguen.TipMemoryUITests;
				PRODUCT_NAME = "$(TARGET_NAME)";
				SWIFT_EMIT_LOC_STRINGS = NO;
				SWIFT_VERSION = 5.0;
				TARGETED_DEVICE_FAMILY = "1,2";
				TEST_TARGET_NAME = TipMemory;
			};
			name = Release;
		};
/* End XCBuildConfiguration section */

/* Begin XCConfigurationList section */
		9DB323992CA0C1A4008ECAE9 /* Build configuration list for PBXProject "TipMemory" */ = {
			isa = XCConfigurationList;
			buildConfigurations = (
				9DB323C92CA0C1A6008ECAE9 /* Debug */,
				9DB323CA2CA0C1A6008ECAE9 /* Release */,
			);
			defaultConfigurationIsVisible = 0;
			defaultConfigurationName = Release;
		};
		9DB323CB2CA0C1A6008ECAE9 /* Build configuration list for PBXNativeTarget "TipMemory" */ = {
			isa = XCConfigurationList;
			buildConfigurations = (
				9DB323CC2CA0C1A6008ECAE9 /* Debug */,
				9DB323CD2CA0C1A6008ECAE9 /* Release */,
			);
			defaultConfigurationIsVisible = 0;
			defaultConfigurationName = Release;
		};
		9DB323CE2CA0C1A6008ECAE9 /* Build configuration list for PBXNativeTarget "TipMemoryTests" */ = {
			isa = XCConfigurationList;
			buildConfigurations = (
				9DB323CF2CA0C1A6008ECAE9 /* Debug */,
				9DB323D02CA0C1A6008ECAE9 /* Release */,
			);
			defaultConfigurationIsVisible = 0;
			defaultConfigurationName = Release;
		};
		9DB323D12CA0C1A6008ECAE9 /* Build configuration list for PBXNativeTarget "TipMemoryUITests" */ = {
			isa = XCConfigurationList;
			buildConfigurations = (
				9DB323D22CA0C1A6008ECAE9 /* Debug */,
				9DB323D32CA0C1A6008ECAE9 /* Release */,
			);
			defaultConfigurationIsVisible = 0;
			defaultConfigurationName = Release;
		};
/* End XCConfigurationList section */

/* Begin XCVersionGroup section */
		9DB323AA2CA0C1A4008ECAE9 /* TipMemory.xcdatamodeld */ = {
			isa = XCVersionGroup;
			children = (
				9DB323AB2CA0C1A4008ECAE9 /* TipMemory.xcdatamodel */,
			);
			currentVersion = 9DB323AB2CA0C1A4008ECAE9 /* TipMemory.xcdatamodel */;
			path = TipMemory.xcdatamodeld;
			sourceTree = "<group>";
			versionGroupType = wrapper.xcdatamodel;
		};
/* End XCVersionGroup section */
	};
	rootObject = 9DB323962CA0C1A4008ECAE9 /* Project object */;
}
